// !$*UTF8*$!
{
	archiveVersion = 1;
	classes = {
	};
	objectVersion = 56;
	objects = {

/* Begin PBXBuildFile section */
		2EBDF12C48E4FB6E383A9E9A /* Pods_MyKkumi.framework in Frameworks */ = {isa = PBXBuildFile; fileRef = A547AF2DE94455B170A30B21 /* Pods_MyKkumi.framework */; };
		C7A6261FFAE1D0CA5DC9569A /* Pods_MyKkumiTests.framework in Frameworks */ = {isa = PBXBuildFile; fileRef = 0BF70C9C9B019E1CDAB0985C /* Pods_MyKkumiTests.framework */; };
		CEE63EDF48E74F388F0DB9F5 /* Pods_MyKkumi_MyKkumiUITests.framework in Frameworks */ = {isa = PBXBuildFile; fileRef = 07DFB17D7AB07B56C790B172 /* Pods_MyKkumi_MyKkumiUITests.framework */; };
		D20BC2502C428EC9000AA8C9 /* ResultExtension.swift in Sources */ = {isa = PBXBuildFile; fileRef = D20BC24F2C428EC9000AA8C9 /* ResultExtension.swift */; };
		D21030602C1FC1900059CACA /* HelloWorld.swift in Sources */ = {isa = PBXBuildFile; fileRef = D210305F2C1FC1900059CACA /* HelloWorld.swift */; };
		D21030632C2177E90059CACA /* BasicNetwork.swift in Sources */ = {isa = PBXBuildFile; fileRef = D21030622C2177E90059CACA /* BasicNetwork.swift */; };
		D21030662C2178530059CACA /* BasicProtocol.swift in Sources */ = {isa = PBXBuildFile; fileRef = D21030652C2178530059CACA /* BasicProtocol.swift */; };
		D210306D2C21864B0059CACA /* GetTitle.swift in Sources */ = {isa = PBXBuildFile; fileRef = D210306C2C21864B0059CACA /* GetTitle.swift */; };
		D21FB5462C3BEE5700927905 /* TestView.swift in Sources */ = {isa = PBXBuildFile; fileRef = D21FB5452C3BEE5700927905 /* TestView.swift */; };
		D21FB5482C3BEE7F00927905 /* TestViewModel.swift in Sources */ = {isa = PBXBuildFile; fileRef = D21FB5472C3BEE7F00927905 /* TestViewModel.swift */; };
		D21FB54A2C3D2B7700927905 /* PostCellViewModel.swift in Sources */ = {isa = PBXBuildFile; fileRef = D21FB5492C3D2B7700927905 /* PostCellViewModel.swift */; };
		D21FB54D2C3E7ECD00927905 /* AuthViewController.swift in Sources */ = {isa = PBXBuildFile; fileRef = D21FB54C2C3E7ECD00927905 /* AuthViewController.swift */; };
		D21FB54F2C3E820100927905 /* AuthViewModel.swift in Sources */ = {isa = PBXBuildFile; fileRef = D21FB54E2C3E820100927905 /* AuthViewModel.swift */; };
		D230F9252C1D714C00C43797 /* AppDelegate.swift in Sources */ = {isa = PBXBuildFile; fileRef = D230F9242C1D714C00C43797 /* AppDelegate.swift */; };
		D230F9272C1D714C00C43797 /* SceneDelegate.swift in Sources */ = {isa = PBXBuildFile; fileRef = D230F9262C1D714C00C43797 /* SceneDelegate.swift */; };
		D230F9292C1D714C00C43797 /* ViewController.swift in Sources */ = {isa = PBXBuildFile; fileRef = D230F9282C1D714C00C43797 /* ViewController.swift */; };
		D230F92E2C1D714D00C43797 /* Assets.xcassets in Resources */ = {isa = PBXBuildFile; fileRef = D230F92D2C1D714D00C43797 /* Assets.xcassets */; };
		D230F93C2C1D714E00C43797 /* MyKkumiTests.swift in Sources */ = {isa = PBXBuildFile; fileRef = D230F93B2C1D714E00C43797 /* MyKkumiTests.swift */; };
		D230F9462C1D714E00C43797 /* MyKkumiUITests.swift in Sources */ = {isa = PBXBuildFile; fileRef = D230F9452C1D714E00C43797 /* MyKkumiUITests.swift */; };
		D230F9482C1D714E00C43797 /* MyKkumiUITestsLaunchTests.swift in Sources */ = {isa = PBXBuildFile; fileRef = D230F9472C1D714E00C43797 /* MyKkumiUITestsLaunchTests.swift */; };
		D28346D72C3575ED0048CB2E /* UIViewController+Rx.swift in Sources */ = {isa = PBXBuildFile; fileRef = D28346D62C3575ED0048CB2E /* UIViewController+Rx.swift */; };
		D28346F72C37F6230048CB2E /* HomeBannerCell.swift in Sources */ = {isa = PBXBuildFile; fileRef = D28346F62C37F6230048CB2E /* HomeBannerCell.swift */; };
		D28346FA2C38312A0048CB2E /* CountButton.swift in Sources */ = {isa = PBXBuildFile; fileRef = D28346F92C38312A0048CB2E /* CountButton.swift */; };
		D28347042C3BB1D50048CB2E /* BannerCellViewModel.swift in Sources */ = {isa = PBXBuildFile; fileRef = D28347032C3BB1D50048CB2E /* BannerCellViewModel.swift */; };
		D2ABCDCB2C2A66350035F7A1 /* BasicUsecase.swift in Sources */ = {isa = PBXBuildFile; fileRef = D2ABCDCA2C2A66350035F7A1 /* BasicUsecase.swift */; };
		D2ABCDCE2C2A66910035F7A1 /* BasicRespository.swift in Sources */ = {isa = PBXBuildFile; fileRef = D2ABCDCD2C2A66910035F7A1 /* BasicRespository.swift */; };
		D2ABCDD22C2A68940035F7A1 /* BasicDataSource.swift in Sources */ = {isa = PBXBuildFile; fileRef = D2ABCDD12C2A68940035F7A1 /* BasicDataSource.swift */; };
		D2ABCDD42C2A69D10035F7A1 /* BasicRepository.swift in Sources */ = {isa = PBXBuildFile; fileRef = D2ABCDD32C2A69D10035F7A1 /* BasicRepository.swift */; };
		D2ABCDD82C2A6AE10035F7A1 /* BasicAssembly.swift in Sources */ = {isa = PBXBuildFile; fileRef = D2ABCDD72C2A6AE10035F7A1 /* BasicAssembly.swift */; };
		D2ABCDDA2C2A6D630035F7A1 /* BasicDataAssemply.swift in Sources */ = {isa = PBXBuildFile; fileRef = D2ABCDD92C2A6D630035F7A1 /* BasicDataAssemply.swift */; };
		D2ABCDDC2C2A6E780035F7A1 /* DependencyInjector.swift in Sources */ = {isa = PBXBuildFile; fileRef = D2ABCDDB2C2A6E780035F7A1 /* DependencyInjector.swift */; };
		D2ABCDE52C2A9CED0035F7A1 /* HomeViewController.swift in Sources */ = {isa = PBXBuildFile; fileRef = D2ABCDE42C2A9CED0035F7A1 /* HomeViewController.swift */; };
		D2ABCDE72C2A9D510035F7A1 /* AroundViewController.swift in Sources */ = {isa = PBXBuildFile; fileRef = D2ABCDE62C2A9D510035F7A1 /* AroundViewController.swift */; };
		D2ABCDE92C2A9D6F0035F7A1 /* ShoppingViewController.swift in Sources */ = {isa = PBXBuildFile; fileRef = D2ABCDE82C2A9D6F0035F7A1 /* ShoppingViewController.swift */; };
		D2ABCDEB2C2A9D8A0035F7A1 /* MypageViewController.swift in Sources */ = {isa = PBXBuildFile; fileRef = D2ABCDEA2C2A9D8A0035F7A1 /* MypageViewController.swift */; };
		D2ABCDED2C2AAEA10035F7A1 /* HomeViewModel.swift in Sources */ = {isa = PBXBuildFile; fileRef = D2ABCDEC2C2AAEA10035F7A1 /* HomeViewModel.swift */; };
		D2ABCDF22C2AB5470035F7A1 /* Colors.swift in Sources */ = {isa = PBXBuildFile; fileRef = D2ABCDF12C2AB5470035F7A1 /* Colors.swift */; };
		D2ABCDF92C2BE55B0035F7A1 /* BaseViewController.swift in Sources */ = {isa = PBXBuildFile; fileRef = D2ABCDF82C2BE55B0035F7A1 /* BaseViewController.swift */; };
		D2ABCDFD2C2BFE370035F7A1 /* BannerCollectionView.swift in Sources */ = {isa = PBXBuildFile; fileRef = D2ABCDFC2C2BFE370035F7A1 /* BannerCollectionView.swift */; };
		D2ABCDFF2C2BFF330035F7A1 /* BannerCollectionCell.swift in Sources */ = {isa = PBXBuildFile; fileRef = D2ABCDFE2C2BFF330035F7A1 /* BannerCollectionCell.swift */; };
		D2ABCE012C2C01880035F7A1 /* BannerCollectionViewFlowLayout.swift in Sources */ = {isa = PBXBuildFile; fileRef = D2ABCE002C2C01880035F7A1 /* BannerCollectionViewFlowLayout.swift */; };
		D2ABCE032C2D1E490035F7A1 /* BannerVO.swift in Sources */ = {isa = PBXBuildFile; fileRef = D2ABCE022C2D1E490035F7A1 /* BannerVO.swift */; };
		D2ABCE062C2D20110035F7A1 /* ErrorVO.swift in Sources */ = {isa = PBXBuildFile; fileRef = D2ABCE052C2D20110035F7A1 /* ErrorVO.swift */; };
		D2ABCE082C2D256B0035F7A1 /* BannerUsecase.swift in Sources */ = {isa = PBXBuildFile; fileRef = D2ABCE072C2D256B0035F7A1 /* BannerUsecase.swift */; };
		D2ABCE0A2C2D26430035F7A1 /* BannerRepositoryProtocol.swift in Sources */ = {isa = PBXBuildFile; fileRef = D2ABCE092C2D26430035F7A1 /* BannerRepositoryProtocol.swift */; };
		D2ABCE0C2C2D2D6A0035F7A1 /* BannerRepository.swift in Sources */ = {isa = PBXBuildFile; fileRef = D2ABCE0B2C2D2D6A0035F7A1 /* BannerRepository.swift */; };
		D2ABCE0E2C2D2DB10035F7A1 /* BannerDataSource.swift in Sources */ = {isa = PBXBuildFile; fileRef = D2ABCE0D2C2D2DB10035F7A1 /* BannerDataSource.swift */; };
		D2ABCE112C2D2E9F0035F7A1 /* Banner.swift in Sources */ = {isa = PBXBuildFile; fileRef = D2ABCE102C2D2E9F0035F7A1 /* Banner.swift */; };
		D2ABCE142C2D2F490035F7A1 /* NetworkConfiguration.swift in Sources */ = {isa = PBXBuildFile; fileRef = D2ABCE132C2D2F490035F7A1 /* NetworkConfiguration.swift */; };
		D2ABCE162C2D4BF50035F7A1 /* ImageExtension.swift in Sources */ = {isa = PBXBuildFile; fileRef = D2ABCE152C2D4BF50035F7A1 /* ImageExtension.swift */; };
		D2ABCE182C2D4E370035F7A1 /* DataAssembly.swift in Sources */ = {isa = PBXBuildFile; fileRef = D2ABCE172C2D4E370035F7A1 /* DataAssembly.swift */; };
		D2ABCE1A2C2D4F590035F7A1 /* DomainAssembly.swift in Sources */ = {isa = PBXBuildFile; fileRef = D2ABCE192C2D4F590035F7A1 /* DomainAssembly.swift */; };
		D2ABCE1C2C2D94EE0035F7A1 /* DetailBannerViewController.swift in Sources */ = {isa = PBXBuildFile; fileRef = D2ABCE1B2C2D94EE0035F7A1 /* DetailBannerViewController.swift */; };
		D2ABCE1E2C2EAB5D0035F7A1 /* BannerInfoViewController.swift in Sources */ = {isa = PBXBuildFile; fileRef = D2ABCE1D2C2EAB5D0035F7A1 /* BannerInfoViewController.swift */; };
		D2ABCE222C3271B60035F7A1 /* BannerInfoViewModel.swift in Sources */ = {isa = PBXBuildFile; fileRef = D2ABCE212C3271B60035F7A1 /* BannerInfoViewModel.swift */; };
		D2ABCE272C33BFD00035F7A1 /* PostTableView.swift in Sources */ = {isa = PBXBuildFile; fileRef = D2ABCE262C33BFD00035F7A1 /* PostTableView.swift */; };
		D2ABCE292C33C2560035F7A1 /* PostTableCell.swift in Sources */ = {isa = PBXBuildFile; fileRef = D2ABCE282C33C2560035F7A1 /* PostTableCell.swift */; };
		D2ABCE2B2C33C4D90035F7A1 /* PostImageCollectionView.swift in Sources */ = {isa = PBXBuildFile; fileRef = D2ABCE2A2C33C4D90035F7A1 /* PostImageCollectionView.swift */; };
		D2ABCE2D2C33C53A0035F7A1 /* PostImageCollectionViewCell.swift in Sources */ = {isa = PBXBuildFile; fileRef = D2ABCE2C2C33C53A0035F7A1 /* PostImageCollectionViewCell.swift */; };
		D2ABCE312C33C64C0035F7A1 /* PostImageCollectionViewFlowLayout.swift in Sources */ = {isa = PBXBuildFile; fileRef = D2ABCE302C33C64C0035F7A1 /* PostImageCollectionViewFlowLayout.swift */; };
		D2ABCE332C3424010035F7A1 /* PostVO.swift in Sources */ = {isa = PBXBuildFile; fileRef = D2ABCE322C3424010035F7A1 /* PostVO.swift */; };
		D2ABCE352C3427610035F7A1 /* PostDataSource.swift in Sources */ = {isa = PBXBuildFile; fileRef = D2ABCE342C3427610035F7A1 /* PostDataSource.swift */; };
		D2ABCE372C3427E70035F7A1 /* Post.swift in Sources */ = {isa = PBXBuildFile; fileRef = D2ABCE362C3427E70035F7A1 /* Post.swift */; };
		D2ABCE392C3433C10035F7A1 /* PostRespositoryProtocol.swift in Sources */ = {isa = PBXBuildFile; fileRef = D2ABCE382C3433C10035F7A1 /* PostRespositoryProtocol.swift */; };
		D2ABCE3B2C3434140035F7A1 /* PostRespository.swift in Sources */ = {isa = PBXBuildFile; fileRef = D2ABCE3A2C3434140035F7A1 /* PostRespository.swift */; };
		D2ABCE3D2C3434F00035F7A1 /* PostUsecase.swift in Sources */ = {isa = PBXBuildFile; fileRef = D2ABCE3C2C3434F00035F7A1 /* PostUsecase.swift */; };
		D2E4594F2C1DB41500DB0756 /* LaunchScreen.storyboard in Resources */ = {isa = PBXBuildFile; fileRef = D2E4594E2C1DB41500DB0756 /* LaunchScreen.storyboard */; };
		D2E459542C1E1A6300DB0756 /* ViewModel.swift in Sources */ = {isa = PBXBuildFile; fileRef = D2E459532C1E1A6300DB0756 /* ViewModel.swift */; };
		D2E4595C2C1E383D00DB0756 /* BasicCommon.swift in Sources */ = {isa = PBXBuildFile; fileRef = D2E4595B2C1E383D00DB0756 /* BasicCommon.swift */; };
/* End PBXBuildFile section */

/* Begin PBXContainerItemProxy section */
		D230F9382C1D714E00C43797 /* PBXContainerItemProxy */ = {
			isa = PBXContainerItemProxy;
			containerPortal = D230F9192C1D714C00C43797 /* Project object */;
			proxyType = 1;
			remoteGlobalIDString = D230F9202C1D714C00C43797;
			remoteInfo = MyKkumi;
		};
		D230F9422C1D714E00C43797 /* PBXContainerItemProxy */ = {
			isa = PBXContainerItemProxy;
			containerPortal = D230F9192C1D714C00C43797 /* Project object */;
			proxyType = 1;
			remoteGlobalIDString = D230F9202C1D714C00C43797;
			remoteInfo = MyKkumi;
		};
/* End PBXContainerItemProxy section */

/* Begin PBXFileReference section */
		06175985FB43C015630DA014 /* Pods-MyKkumiTests.release.xcconfig */ = {isa = PBXFileReference; includeInIndex = 1; lastKnownFileType = text.xcconfig; name = "Pods-MyKkumiTests.release.xcconfig"; path = "Target Support Files/Pods-MyKkumiTests/Pods-MyKkumiTests.release.xcconfig"; sourceTree = "<group>"; };
		07DFB17D7AB07B56C790B172 /* Pods_MyKkumi_MyKkumiUITests.framework */ = {isa = PBXFileReference; explicitFileType = wrapper.framework; includeInIndex = 0; path = Pods_MyKkumi_MyKkumiUITests.framework; sourceTree = BUILT_PRODUCTS_DIR; };
		0BF70C9C9B019E1CDAB0985C /* Pods_MyKkumiTests.framework */ = {isa = PBXFileReference; explicitFileType = wrapper.framework; includeInIndex = 0; path = Pods_MyKkumiTests.framework; sourceTree = BUILT_PRODUCTS_DIR; };
		3DC498AE771C65151C848D34 /* Pods-MyKkumi.debug.xcconfig */ = {isa = PBXFileReference; includeInIndex = 1; lastKnownFileType = text.xcconfig; name = "Pods-MyKkumi.debug.xcconfig"; path = "Target Support Files/Pods-MyKkumi/Pods-MyKkumi.debug.xcconfig"; sourceTree = "<group>"; };
		41C962447B851B4C15F4BDA8 /* Pods-MyKkumi-MyKkumiUITests.release.xcconfig */ = {isa = PBXFileReference; includeInIndex = 1; lastKnownFileType = text.xcconfig; name = "Pods-MyKkumi-MyKkumiUITests.release.xcconfig"; path = "Target Support Files/Pods-MyKkumi-MyKkumiUITests/Pods-MyKkumi-MyKkumiUITests.release.xcconfig"; sourceTree = "<group>"; };
		A547AF2DE94455B170A30B21 /* Pods_MyKkumi.framework */ = {isa = PBXFileReference; explicitFileType = wrapper.framework; includeInIndex = 0; path = Pods_MyKkumi.framework; sourceTree = BUILT_PRODUCTS_DIR; };
		D20BC24F2C428EC9000AA8C9 /* ResultExtension.swift */ = {isa = PBXFileReference; lastKnownFileType = sourcecode.swift; path = ResultExtension.swift; sourceTree = "<group>"; };
		D210305F2C1FC1900059CACA /* HelloWorld.swift */ = {isa = PBXFileReference; lastKnownFileType = sourcecode.swift; path = HelloWorld.swift; sourceTree = "<group>"; };
		D21030622C2177E90059CACA /* BasicNetwork.swift */ = {isa = PBXFileReference; lastKnownFileType = sourcecode.swift; path = BasicNetwork.swift; sourceTree = "<group>"; };
		D21030652C2178530059CACA /* BasicProtocol.swift */ = {isa = PBXFileReference; lastKnownFileType = sourcecode.swift; path = BasicProtocol.swift; sourceTree = "<group>"; };
		D210306C2C21864B0059CACA /* GetTitle.swift */ = {isa = PBXFileReference; lastKnownFileType = sourcecode.swift; path = GetTitle.swift; sourceTree = "<group>"; };
		D21FB5452C3BEE5700927905 /* TestView.swift */ = {isa = PBXFileReference; lastKnownFileType = sourcecode.swift; path = TestView.swift; sourceTree = "<group>"; };
		D21FB5472C3BEE7F00927905 /* TestViewModel.swift */ = {isa = PBXFileReference; lastKnownFileType = sourcecode.swift; path = TestViewModel.swift; sourceTree = "<group>"; };
		D21FB5492C3D2B7700927905 /* PostCellViewModel.swift */ = {isa = PBXFileReference; lastKnownFileType = sourcecode.swift; path = PostCellViewModel.swift; sourceTree = "<group>"; };
		D21FB54C2C3E7ECD00927905 /* AuthViewController.swift */ = {isa = PBXFileReference; lastKnownFileType = sourcecode.swift; path = AuthViewController.swift; sourceTree = "<group>"; };
		D21FB54E2C3E820100927905 /* AuthViewModel.swift */ = {isa = PBXFileReference; lastKnownFileType = sourcecode.swift; path = AuthViewModel.swift; sourceTree = "<group>"; };
		D230F9212C1D714C00C43797 /* MyKkumi.app */ = {isa = PBXFileReference; explicitFileType = wrapper.application; includeInIndex = 0; path = MyKkumi.app; sourceTree = BUILT_PRODUCTS_DIR; };
		D230F9242C1D714C00C43797 /* AppDelegate.swift */ = {isa = PBXFileReference; lastKnownFileType = sourcecode.swift; path = AppDelegate.swift; sourceTree = "<group>"; };
		D230F9262C1D714C00C43797 /* SceneDelegate.swift */ = {isa = PBXFileReference; lastKnownFileType = sourcecode.swift; path = SceneDelegate.swift; sourceTree = "<group>"; };
		D230F9282C1D714C00C43797 /* ViewController.swift */ = {isa = PBXFileReference; lastKnownFileType = sourcecode.swift; path = ViewController.swift; sourceTree = "<group>"; };
		D230F92D2C1D714D00C43797 /* Assets.xcassets */ = {isa = PBXFileReference; lastKnownFileType = folder.assetcatalog; path = Assets.xcassets; sourceTree = "<group>"; };
		D230F9322C1D714D00C43797 /* Info.plist */ = {isa = PBXFileReference; lastKnownFileType = text.plist.xml; path = Info.plist; sourceTree = "<group>"; };
		D230F9372C1D714E00C43797 /* MyKkumiTests.xctest */ = {isa = PBXFileReference; explicitFileType = wrapper.cfbundle; includeInIndex = 0; path = MyKkumiTests.xctest; sourceTree = BUILT_PRODUCTS_DIR; };
		D230F93B2C1D714E00C43797 /* MyKkumiTests.swift */ = {isa = PBXFileReference; lastKnownFileType = sourcecode.swift; path = MyKkumiTests.swift; sourceTree = "<group>"; };
		D230F9412C1D714E00C43797 /* MyKkumiUITests.xctest */ = {isa = PBXFileReference; explicitFileType = wrapper.cfbundle; includeInIndex = 0; path = MyKkumiUITests.xctest; sourceTree = BUILT_PRODUCTS_DIR; };
		D230F9452C1D714E00C43797 /* MyKkumiUITests.swift */ = {isa = PBXFileReference; lastKnownFileType = sourcecode.swift; path = MyKkumiUITests.swift; sourceTree = "<group>"; };
		D230F9472C1D714E00C43797 /* MyKkumiUITestsLaunchTests.swift */ = {isa = PBXFileReference; lastKnownFileType = sourcecode.swift; path = MyKkumiUITestsLaunchTests.swift; sourceTree = "<group>"; };
		D28346D62C3575ED0048CB2E /* UIViewController+Rx.swift */ = {isa = PBXFileReference; lastKnownFileType = sourcecode.swift; path = "UIViewController+Rx.swift"; sourceTree = "<group>"; };
		D28346F62C37F6230048CB2E /* HomeBannerCell.swift */ = {isa = PBXFileReference; lastKnownFileType = sourcecode.swift; path = HomeBannerCell.swift; sourceTree = "<group>"; };
		D28346F92C38312A0048CB2E /* CountButton.swift */ = {isa = PBXFileReference; lastKnownFileType = sourcecode.swift; path = CountButton.swift; sourceTree = "<group>"; };
		D28347032C3BB1D50048CB2E /* BannerCellViewModel.swift */ = {isa = PBXFileReference; lastKnownFileType = sourcecode.swift; path = BannerCellViewModel.swift; sourceTree = "<group>"; };
		D2ABCDCA2C2A66350035F7A1 /* BasicUsecase.swift */ = {isa = PBXFileReference; lastKnownFileType = sourcecode.swift; path = BasicUsecase.swift; sourceTree = "<group>"; };
		D2ABCDCD2C2A66910035F7A1 /* BasicRespository.swift */ = {isa = PBXFileReference; lastKnownFileType = sourcecode.swift; path = BasicRespository.swift; sourceTree = "<group>"; };
		D2ABCDD12C2A68940035F7A1 /* BasicDataSource.swift */ = {isa = PBXFileReference; lastKnownFileType = sourcecode.swift; path = BasicDataSource.swift; sourceTree = "<group>"; };
		D2ABCDD32C2A69D10035F7A1 /* BasicRepository.swift */ = {isa = PBXFileReference; lastKnownFileType = sourcecode.swift; path = BasicRepository.swift; sourceTree = "<group>"; };
		D2ABCDD72C2A6AE10035F7A1 /* BasicAssembly.swift */ = {isa = PBXFileReference; lastKnownFileType = sourcecode.swift; path = BasicAssembly.swift; sourceTree = "<group>"; };
		D2ABCDD92C2A6D630035F7A1 /* BasicDataAssemply.swift */ = {isa = PBXFileReference; lastKnownFileType = sourcecode.swift; path = BasicDataAssemply.swift; sourceTree = "<group>"; };
		D2ABCDDB2C2A6E780035F7A1 /* DependencyInjector.swift */ = {isa = PBXFileReference; lastKnownFileType = sourcecode.swift; path = DependencyInjector.swift; sourceTree = "<group>"; };
		D2ABCDE42C2A9CED0035F7A1 /* HomeViewController.swift */ = {isa = PBXFileReference; lastKnownFileType = sourcecode.swift; path = HomeViewController.swift; sourceTree = "<group>"; };
		D2ABCDE62C2A9D510035F7A1 /* AroundViewController.swift */ = {isa = PBXFileReference; lastKnownFileType = sourcecode.swift; path = AroundViewController.swift; sourceTree = "<group>"; };
		D2ABCDE82C2A9D6F0035F7A1 /* ShoppingViewController.swift */ = {isa = PBXFileReference; lastKnownFileType = sourcecode.swift; path = ShoppingViewController.swift; sourceTree = "<group>"; };
		D2ABCDEA2C2A9D8A0035F7A1 /* MypageViewController.swift */ = {isa = PBXFileReference; lastKnownFileType = sourcecode.swift; path = MypageViewController.swift; sourceTree = "<group>"; };
		D2ABCDEC2C2AAEA10035F7A1 /* HomeViewModel.swift */ = {isa = PBXFileReference; lastKnownFileType = sourcecode.swift; path = HomeViewModel.swift; sourceTree = "<group>"; };
		D2ABCDF12C2AB5470035F7A1 /* Colors.swift */ = {isa = PBXFileReference; lastKnownFileType = sourcecode.swift; path = Colors.swift; sourceTree = "<group>"; };
		D2ABCDF82C2BE55B0035F7A1 /* BaseViewController.swift */ = {isa = PBXFileReference; lastKnownFileType = sourcecode.swift; path = BaseViewController.swift; sourceTree = "<group>"; };
		D2ABCDFC2C2BFE370035F7A1 /* BannerCollectionView.swift */ = {isa = PBXFileReference; lastKnownFileType = sourcecode.swift; path = BannerCollectionView.swift; sourceTree = "<group>"; };
		D2ABCDFE2C2BFF330035F7A1 /* BannerCollectionCell.swift */ = {isa = PBXFileReference; lastKnownFileType = sourcecode.swift; path = BannerCollectionCell.swift; sourceTree = "<group>"; };
		D2ABCE002C2C01880035F7A1 /* BannerCollectionViewFlowLayout.swift */ = {isa = PBXFileReference; lastKnownFileType = sourcecode.swift; path = BannerCollectionViewFlowLayout.swift; sourceTree = "<group>"; };
		D2ABCE022C2D1E490035F7A1 /* BannerVO.swift */ = {isa = PBXFileReference; lastKnownFileType = sourcecode.swift; path = BannerVO.swift; sourceTree = "<group>"; };
		D2ABCE052C2D20110035F7A1 /* ErrorVO.swift */ = {isa = PBXFileReference; lastKnownFileType = sourcecode.swift; path = ErrorVO.swift; sourceTree = "<group>"; };
		D2ABCE072C2D256B0035F7A1 /* BannerUsecase.swift */ = {isa = PBXFileReference; lastKnownFileType = sourcecode.swift; path = BannerUsecase.swift; sourceTree = "<group>"; };
		D2ABCE092C2D26430035F7A1 /* BannerRepositoryProtocol.swift */ = {isa = PBXFileReference; lastKnownFileType = sourcecode.swift; path = BannerRepositoryProtocol.swift; sourceTree = "<group>"; };
		D2ABCE0B2C2D2D6A0035F7A1 /* BannerRepository.swift */ = {isa = PBXFileReference; lastKnownFileType = sourcecode.swift; path = BannerRepository.swift; sourceTree = "<group>"; };
		D2ABCE0D2C2D2DB10035F7A1 /* BannerDataSource.swift */ = {isa = PBXFileReference; lastKnownFileType = sourcecode.swift; path = BannerDataSource.swift; sourceTree = "<group>"; };
		D2ABCE102C2D2E9F0035F7A1 /* Banner.swift */ = {isa = PBXFileReference; lastKnownFileType = sourcecode.swift; path = Banner.swift; sourceTree = "<group>"; };
		D2ABCE132C2D2F490035F7A1 /* NetworkConfiguration.swift */ = {isa = PBXFileReference; lastKnownFileType = sourcecode.swift; path = NetworkConfiguration.swift; sourceTree = "<group>"; };
		D2ABCE152C2D4BF50035F7A1 /* ImageExtension.swift */ = {isa = PBXFileReference; lastKnownFileType = sourcecode.swift; path = ImageExtension.swift; sourceTree = "<group>"; };
		D2ABCE172C2D4E370035F7A1 /* DataAssembly.swift */ = {isa = PBXFileReference; lastKnownFileType = sourcecode.swift; path = DataAssembly.swift; sourceTree = "<group>"; };
		D2ABCE192C2D4F590035F7A1 /* DomainAssembly.swift */ = {isa = PBXFileReference; lastKnownFileType = sourcecode.swift; path = DomainAssembly.swift; sourceTree = "<group>"; };
		D2ABCE1B2C2D94EE0035F7A1 /* DetailBannerViewController.swift */ = {isa = PBXFileReference; lastKnownFileType = sourcecode.swift; path = DetailBannerViewController.swift; sourceTree = "<group>"; };
		D2ABCE1D2C2EAB5D0035F7A1 /* BannerInfoViewController.swift */ = {isa = PBXFileReference; lastKnownFileType = sourcecode.swift; path = BannerInfoViewController.swift; sourceTree = "<group>"; };
		D2ABCE212C3271B60035F7A1 /* BannerInfoViewModel.swift */ = {isa = PBXFileReference; lastKnownFileType = sourcecode.swift; path = BannerInfoViewModel.swift; sourceTree = "<group>"; };
		D2ABCE262C33BFD00035F7A1 /* PostTableView.swift */ = {isa = PBXFileReference; lastKnownFileType = sourcecode.swift; path = PostTableView.swift; sourceTree = "<group>"; };
		D2ABCE282C33C2560035F7A1 /* PostTableCell.swift */ = {isa = PBXFileReference; lastKnownFileType = sourcecode.swift; path = PostTableCell.swift; sourceTree = "<group>"; };
		D2ABCE2A2C33C4D90035F7A1 /* PostImageCollectionView.swift */ = {isa = PBXFileReference; lastKnownFileType = sourcecode.swift; path = PostImageCollectionView.swift; sourceTree = "<group>"; };
		D2ABCE2C2C33C53A0035F7A1 /* PostImageCollectionViewCell.swift */ = {isa = PBXFileReference; lastKnownFileType = sourcecode.swift; path = PostImageCollectionViewCell.swift; sourceTree = "<group>"; };
		D2ABCE302C33C64C0035F7A1 /* PostImageCollectionViewFlowLayout.swift */ = {isa = PBXFileReference; lastKnownFileType = sourcecode.swift; path = PostImageCollectionViewFlowLayout.swift; sourceTree = "<group>"; };
		D2ABCE322C3424010035F7A1 /* PostVO.swift */ = {isa = PBXFileReference; lastKnownFileType = sourcecode.swift; path = PostVO.swift; sourceTree = "<group>"; };
		D2ABCE342C3427610035F7A1 /* PostDataSource.swift */ = {isa = PBXFileReference; lastKnownFileType = sourcecode.swift; path = PostDataSource.swift; sourceTree = "<group>"; };
		D2ABCE362C3427E70035F7A1 /* Post.swift */ = {isa = PBXFileReference; lastKnownFileType = sourcecode.swift; path = Post.swift; sourceTree = "<group>"; };
		D2ABCE382C3433C10035F7A1 /* PostRespositoryProtocol.swift */ = {isa = PBXFileReference; lastKnownFileType = sourcecode.swift; path = PostRespositoryProtocol.swift; sourceTree = "<group>"; };
		D2ABCE3A2C3434140035F7A1 /* PostRespository.swift */ = {isa = PBXFileReference; lastKnownFileType = sourcecode.swift; path = PostRespository.swift; sourceTree = "<group>"; };
		D2ABCE3C2C3434F00035F7A1 /* PostUsecase.swift */ = {isa = PBXFileReference; lastKnownFileType = sourcecode.swift; path = PostUsecase.swift; sourceTree = "<group>"; };
		D2E4594E2C1DB41500DB0756 /* LaunchScreen.storyboard */ = {isa = PBXFileReference; fileEncoding = 4; lastKnownFileType = file.storyboard; path = LaunchScreen.storyboard; sourceTree = "<group>"; };
		D2E459532C1E1A6300DB0756 /* ViewModel.swift */ = {isa = PBXFileReference; lastKnownFileType = sourcecode.swift; path = ViewModel.swift; sourceTree = "<group>"; };
		D2E4595B2C1E383D00DB0756 /* BasicCommon.swift */ = {isa = PBXFileReference; lastKnownFileType = sourcecode.swift; path = BasicCommon.swift; sourceTree = "<group>"; };
		DD509B30BF78F2EF18546CC5 /* Pods-MyKkumiTests.debug.xcconfig */ = {isa = PBXFileReference; includeInIndex = 1; lastKnownFileType = text.xcconfig; name = "Pods-MyKkumiTests.debug.xcconfig"; path = "Target Support Files/Pods-MyKkumiTests/Pods-MyKkumiTests.debug.xcconfig"; sourceTree = "<group>"; };
		F6DC5A17030EFC69F83EACBA /* Pods-MyKkumi.release.xcconfig */ = {isa = PBXFileReference; includeInIndex = 1; lastKnownFileType = text.xcconfig; name = "Pods-MyKkumi.release.xcconfig"; path = "Target Support Files/Pods-MyKkumi/Pods-MyKkumi.release.xcconfig"; sourceTree = "<group>"; };
		FC2461C807CEF6A2AC1EB837 /* Pods-MyKkumi-MyKkumiUITests.debug.xcconfig */ = {isa = PBXFileReference; includeInIndex = 1; lastKnownFileType = text.xcconfig; name = "Pods-MyKkumi-MyKkumiUITests.debug.xcconfig"; path = "Target Support Files/Pods-MyKkumi-MyKkumiUITests/Pods-MyKkumi-MyKkumiUITests.debug.xcconfig"; sourceTree = "<group>"; };
/* End PBXFileReference section */

/* Begin PBXFrameworksBuildPhase section */
		D230F91E2C1D714C00C43797 /* Frameworks */ = {
			isa = PBXFrameworksBuildPhase;
			buildActionMask = 2147483647;
			files = (
				2EBDF12C48E4FB6E383A9E9A /* Pods_MyKkumi.framework in Frameworks */,
			);
			runOnlyForDeploymentPostprocessing = 0;
		};
		D230F9342C1D714E00C43797 /* Frameworks */ = {
			isa = PBXFrameworksBuildPhase;
			buildActionMask = 2147483647;
			files = (
				C7A6261FFAE1D0CA5DC9569A /* Pods_MyKkumiTests.framework in Frameworks */,
			);
			runOnlyForDeploymentPostprocessing = 0;
		};
		D230F93E2C1D714E00C43797 /* Frameworks */ = {
			isa = PBXFrameworksBuildPhase;
			buildActionMask = 2147483647;
			files = (
				CEE63EDF48E74F388F0DB9F5 /* Pods_MyKkumi_MyKkumiUITests.framework in Frameworks */,
			);
			runOnlyForDeploymentPostprocessing = 0;
		};
/* End PBXFrameworksBuildPhase section */

/* Begin PBXGroup section */
		8391B1094354BAA0A203431C /* Frameworks */ = {
			isa = PBXGroup;
			children = (
				A547AF2DE94455B170A30B21 /* Pods_MyKkumi.framework */,
				07DFB17D7AB07B56C790B172 /* Pods_MyKkumi_MyKkumiUITests.framework */,
				0BF70C9C9B019E1CDAB0985C /* Pods_MyKkumiTests.framework */,
			);
			name = Frameworks;
			sourceTree = "<group>";
		};
		D07E5E3D78402DE1A804A4E1 /* Pods */ = {
			isa = PBXGroup;
			children = (
				3DC498AE771C65151C848D34 /* Pods-MyKkumi.debug.xcconfig */,
				F6DC5A17030EFC69F83EACBA /* Pods-MyKkumi.release.xcconfig */,
				FC2461C807CEF6A2AC1EB837 /* Pods-MyKkumi-MyKkumiUITests.debug.xcconfig */,
				41C962447B851B4C15F4BDA8 /* Pods-MyKkumi-MyKkumiUITests.release.xcconfig */,
				DD509B30BF78F2EF18546CC5 /* Pods-MyKkumiTests.debug.xcconfig */,
				06175985FB43C015630DA014 /* Pods-MyKkumiTests.release.xcconfig */,
			);
			path = Pods;
			sourceTree = "<group>";
		};
		D210305E2C1FC1850059CACA /* Model */ = {
			isa = PBXGroup;
			children = (
				D2ABCDC82C2A5C600035F7A1 /* BasicModel */,
			);
			path = Model;
			sourceTree = "<group>";
		};
		D21030612C2177C50059CACA /* Network */ = {
			isa = PBXGroup;
			children = (
				D2ABCE122C2D2F2D0035F7A1 /* Basic */,
				D2ABCE0F2C2D2E920035F7A1 /* Home */,
				D2ABCE132C2D2F490035F7A1 /* NetworkConfiguration.swift */,
			);
			path = Network;
			sourceTree = "<group>";
		};
		D21030642C2178220059CACA /* Protocols */ = {
			isa = PBXGroup;
			children = (
				D21030652C2178530059CACA /* BasicProtocol.swift */,
			);
			path = Protocols;
			sourceTree = "<group>";
		};
		D21FB54B2C3E7AB100927905 /* Auth */ = {
			isa = PBXGroup;
			children = (
				D21FB54C2C3E7ECD00927905 /* AuthViewController.swift */,
				D21FB54E2C3E820100927905 /* AuthViewModel.swift */,
			);
			path = Auth;
			sourceTree = "<group>";
		};
		D230F9182C1D714C00C43797 = {
			isa = PBXGroup;
			children = (
				D230F9232C1D714C00C43797 /* MyKkumi */,
				D230F93A2C1D714E00C43797 /* MyKkumiTests */,
				D230F9442C1D714E00C43797 /* MyKkumiUITests */,
				D230F9222C1D714C00C43797 /* Products */,
				D07E5E3D78402DE1A804A4E1 /* Pods */,
				8391B1094354BAA0A203431C /* Frameworks */,
			);
			sourceTree = "<group>";
		};
		D230F9222C1D714C00C43797 /* Products */ = {
			isa = PBXGroup;
			children = (
				D230F9212C1D714C00C43797 /* MyKkumi.app */,
				D230F9372C1D714E00C43797 /* MyKkumiTests.xctest */,
				D230F9412C1D714E00C43797 /* MyKkumiUITests.xctest */,
			);
			name = Products;
			sourceTree = "<group>";
		};
		D230F9232C1D714C00C43797 /* MyKkumi */ = {
			isa = PBXGroup;
			children = (
				D2E459502C1E140400DB0756 /* Resources */,
				D2E4594D2C1DB20A00DB0756 /* Presentation */,
				D2E4594C2C1DB20500DB0756 /* Domain */,
				D2E4594B2C1DB20000DB0756 /* Data */,
				D2E459482C1DB1C000DB0756 /* App */,
			);
			path = MyKkumi;
			sourceTree = "<group>";
		};
		D230F93A2C1D714E00C43797 /* MyKkumiTests */ = {
			isa = PBXGroup;
			children = (
				D230F93B2C1D714E00C43797 /* MyKkumiTests.swift */,
			);
			path = MyKkumiTests;
			sourceTree = "<group>";
		};
		D230F9442C1D714E00C43797 /* MyKkumiUITests */ = {
			isa = PBXGroup;
			children = (
				D230F9452C1D714E00C43797 /* MyKkumiUITests.swift */,
				D230F9472C1D714E00C43797 /* MyKkumiUITestsLaunchTests.swift */,
			);
			path = MyKkumiUITests;
			sourceTree = "<group>";
		};
		D28346F82C38310F0048CB2E /* Components */ = {
			isa = PBXGroup;
			children = (
				D28346F92C38312A0048CB2E /* CountButton.swift */,
			);
			path = Components;
			sourceTree = "<group>";
		};
		D2ABCDC82C2A5C600035F7A1 /* BasicModel */ = {
			isa = PBXGroup;
			children = (
				D210305F2C1FC1900059CACA /* HelloWorld.swift */,
			);
			path = BasicModel;
			sourceTree = "<group>";
		};
		D2ABCDC92C2A66150035F7A1 /* UseCase */ = {
			isa = PBXGroup;
			children = (
				D2ABCDCA2C2A66350035F7A1 /* BasicUsecase.swift */,
				D2ABCE072C2D256B0035F7A1 /* BannerUsecase.swift */,
				D2ABCE3C2C3434F00035F7A1 /* PostUsecase.swift */,
			);
			path = UseCase;
			sourceTree = "<group>";
		};
		D2ABCDCC2C2A66680035F7A1 /* RepositoryProtocol */ = {
			isa = PBXGroup;
			children = (
				D2ABCDCD2C2A66910035F7A1 /* BasicRespository.swift */,
				D2ABCE092C2D26430035F7A1 /* BannerRepositoryProtocol.swift */,
				D2ABCE382C3433C10035F7A1 /* PostRespositoryProtocol.swift */,
			);
			path = RepositoryProtocol;
			sourceTree = "<group>";
		};
		D2ABCDCF2C2A68360035F7A1 /* DataSource */ = {
			isa = PBXGroup;
			children = (
				D2ABCDD12C2A68940035F7A1 /* BasicDataSource.swift */,
				D2ABCE0D2C2D2DB10035F7A1 /* BannerDataSource.swift */,
				D2ABCE342C3427610035F7A1 /* PostDataSource.swift */,
			);
			path = DataSource;
			sourceTree = "<group>";
		};
		D2ABCDD02C2A683D0035F7A1 /* Repository */ = {
			isa = PBXGroup;
			children = (
				D2ABCDD32C2A69D10035F7A1 /* BasicRepository.swift */,
				D2ABCE0B2C2D2D6A0035F7A1 /* BannerRepository.swift */,
				D2ABCE3A2C3434140035F7A1 /* PostRespository.swift */,
			);
			path = Repository;
			sourceTree = "<group>";
		};
		D2ABCDD52C2A6AAD0035F7A1 /* DI */ = {
			isa = PBXGroup;
			children = (
				D2ABCDD72C2A6AE10035F7A1 /* BasicAssembly.swift */,
				D2ABCDD92C2A6D630035F7A1 /* BasicDataAssemply.swift */,
				D2ABCDDB2C2A6E780035F7A1 /* DependencyInjector.swift */,
				D2ABCE172C2D4E370035F7A1 /* DataAssembly.swift */,
				D2ABCE192C2D4F590035F7A1 /* DomainAssembly.swift */,
			);
			path = DI;
			sourceTree = "<group>";
		};
		D2ABCDDF2C2A9C950035F7A1 /* Application */ = {
			isa = PBXGroup;
			children = (
				D230F9242C1D714C00C43797 /* AppDelegate.swift */,
				D230F9262C1D714C00C43797 /* SceneDelegate.swift */,
			);
			path = Application;
			sourceTree = "<group>";
		};
		D2ABCDE02C2A9CA90035F7A1 /* Home */ = {
			isa = PBXGroup;
			children = (
				D2ABCDE42C2A9CED0035F7A1 /* HomeViewController.swift */,
				D2ABCDEC2C2AAEA10035F7A1 /* HomeViewModel.swift */,
				D2ABCE1B2C2D94EE0035F7A1 /* DetailBannerViewController.swift */,
				D2ABCE1D2C2EAB5D0035F7A1 /* BannerInfoViewController.swift */,
				D2ABCE212C3271B60035F7A1 /* BannerInfoViewModel.swift */,
				D28347032C3BB1D50048CB2E /* BannerCellViewModel.swift */,
				D21FB5452C3BEE5700927905 /* TestView.swift */,
				D21FB5472C3BEE7F00927905 /* TestViewModel.swift */,
				D21FB5492C3D2B7700927905 /* PostCellViewModel.swift */,
			);
			path = Home;
			sourceTree = "<group>";
		};
		D2ABCDE12C2A9CB30035F7A1 /* Around */ = {
			isa = PBXGroup;
			children = (
				D2ABCDE62C2A9D510035F7A1 /* AroundViewController.swift */,
			);
			path = Around;
			sourceTree = "<group>";
		};
		D2ABCDE22C2A9CD20035F7A1 /* Shopping */ = {
			isa = PBXGroup;
			children = (
				D2ABCDE82C2A9D6F0035F7A1 /* ShoppingViewController.swift */,
			);
			path = Shopping;
			sourceTree = "<group>";
		};
		D2ABCDE32C2A9CDC0035F7A1 /* Mypage */ = {
			isa = PBXGroup;
			children = (
				D2ABCDEA2C2A9D8A0035F7A1 /* MypageViewController.swift */,
			);
			path = Mypage;
			sourceTree = "<group>";
		};
		D2ABCDEE2C2AB2FC0035F7A1 /* Extension */ = {
			isa = PBXGroup;
			children = (
				D2ABCE152C2D4BF50035F7A1 /* ImageExtension.swift */,
				D28346D62C3575ED0048CB2E /* UIViewController+Rx.swift */,
				D20BC24F2C428EC9000AA8C9 /* ResultExtension.swift */,
			);
			path = Extension;
			sourceTree = "<group>";
		};
		D2ABCDF32C2AB5930035F7A1 /* Enum */ = {
			isa = PBXGroup;
			children = (
				D2ABCDF12C2AB5470035F7A1 /* Colors.swift */,
			);
			path = Enum;
			sourceTree = "<group>";
		};
		D2ABCDF62C2BE5390035F7A1 /* Base */ = {
			isa = PBXGroup;
			children = (
				D2ABCDF82C2BE55B0035F7A1 /* BaseViewController.swift */,
			);
			path = Base;
			sourceTree = "<group>";
		};
		D2ABCDFB2C2BFE200035F7A1 /* CollectionView */ = {
			isa = PBXGroup;
			children = (
				D2ABCE2F2C33C6260035F7A1 /* Post */,
				D2ABCE2E2C33C61C0035F7A1 /* Banner */,
			);
			path = CollectionView;
			sourceTree = "<group>";
		};
		D2ABCE042C2D1E4D0035F7A1 /* VO */ = {
			isa = PBXGroup;
			children = (
				D2ABCE022C2D1E490035F7A1 /* BannerVO.swift */,
				D2ABCE052C2D20110035F7A1 /* ErrorVO.swift */,
				D2ABCE322C3424010035F7A1 /* PostVO.swift */,
			);
			path = VO;
			sourceTree = "<group>";
		};
		D2ABCE0F2C2D2E920035F7A1 /* Home */ = {
			isa = PBXGroup;
			children = (
				D2ABCE102C2D2E9F0035F7A1 /* Banner.swift */,
				D2ABCE362C3427E70035F7A1 /* Post.swift */,
			);
			path = Home;
			sourceTree = "<group>";
		};
		D2ABCE122C2D2F2D0035F7A1 /* Basic */ = {
			isa = PBXGroup;
			children = (
				D21030622C2177E90059CACA /* BasicNetwork.swift */,
				D210306C2C21864B0059CACA /* GetTitle.swift */,
			);
			path = Basic;
			sourceTree = "<group>";
		};
		D2ABCE252C33BFC20035F7A1 /* TableView */ = {
			isa = PBXGroup;
			children = (
				D28346F62C37F6230048CB2E /* HomeBannerCell.swift */,
				D2ABCE262C33BFD00035F7A1 /* PostTableView.swift */,
				D2ABCE282C33C2560035F7A1 /* PostTableCell.swift */,
			);
			path = TableView;
			sourceTree = "<group>";
		};
		D2ABCE2E2C33C61C0035F7A1 /* Banner */ = {
			isa = PBXGroup;
			children = (
				D2ABCDFC2C2BFE370035F7A1 /* BannerCollectionView.swift */,
				D2ABCDFE2C2BFF330035F7A1 /* BannerCollectionCell.swift */,
				D2ABCE002C2C01880035F7A1 /* BannerCollectionViewFlowLayout.swift */,
			);
			path = Banner;
			sourceTree = "<group>";
		};
		D2ABCE2F2C33C6260035F7A1 /* Post */ = {
			isa = PBXGroup;
			children = (
				D2ABCE2A2C33C4D90035F7A1 /* PostImageCollectionView.swift */,
				D2ABCE2C2C33C53A0035F7A1 /* PostImageCollectionViewCell.swift */,
				D2ABCE302C33C64C0035F7A1 /* PostImageCollectionViewFlowLayout.swift */,
			);
			path = Post;
			sourceTree = "<group>";
		};
		D2E459482C1DB1C000DB0756 /* App */ = {
			isa = PBXGroup;
			children = (
				D2ABCDDF2C2A9C950035F7A1 /* Application */,
				D2ABCDD52C2A6AAD0035F7A1 /* DI */,
			);
			path = App;
			sourceTree = "<group>";
		};
		D2E459492C1DB1C800DB0756 /* Common */ = {
			isa = PBXGroup;
			children = (
				D2ABCDF32C2AB5930035F7A1 /* Enum */,
				D2E4595B2C1E383D00DB0756 /* BasicCommon.swift */,
			);
			path = Common;
			sourceTree = "<group>";
		};
		D2E4594A2C1DB1F900DB0756 /* CommonUI */ = {
			isa = PBXGroup;
			children = (
				D28346F82C38310F0048CB2E /* Components */,
				D2ABCE252C33BFC20035F7A1 /* TableView */,
				D2ABCDFB2C2BFE200035F7A1 /* CollectionView */,
				D2ABCDF62C2BE5390035F7A1 /* Base */,
			);
			path = CommonUI;
			sourceTree = "<group>";
		};
		D2E4594B2C1DB20000DB0756 /* Data */ = {
			isa = PBXGroup;
			children = (
				D2ABCDD02C2A683D0035F7A1 /* Repository */,
				D2ABCDCF2C2A68360035F7A1 /* DataSource */,
				D21030642C2178220059CACA /* Protocols */,
				D21030612C2177C50059CACA /* Network */,
			);
			path = Data;
			sourceTree = "<group>";
		};
		D2E4594C2C1DB20500DB0756 /* Domain */ = {
			isa = PBXGroup;
			children = (
				D2ABCE042C2D1E4D0035F7A1 /* VO */,
				D2ABCDCC2C2A66680035F7A1 /* RepositoryProtocol */,
				D2ABCDC92C2A66150035F7A1 /* UseCase */,
				D210305E2C1FC1850059CACA /* Model */,
			);
			path = Domain;
			sourceTree = "<group>";
		};
		D2E4594D2C1DB20A00DB0756 /* Presentation */ = {
			isa = PBXGroup;
			children = (
				D21FB54B2C3E7AB100927905 /* Auth */,
				D2ABCDEE2C2AB2FC0035F7A1 /* Extension */,
				D2E4594A2C1DB1F900DB0756 /* CommonUI */,
				D2E459492C1DB1C800DB0756 /* Common */,
				D2ABCDE32C2A9CDC0035F7A1 /* Mypage */,
				D2ABCDE22C2A9CD20035F7A1 /* Shopping */,
				D2ABCDE12C2A9CB30035F7A1 /* Around */,
				D2ABCDE02C2A9CA90035F7A1 /* Home */,
				D2E459512C1E144200DB0756 /* Basic */,
			);
			path = Presentation;
			sourceTree = "<group>";
		};
		D2E459502C1E140400DB0756 /* Resources */ = {
			isa = PBXGroup;
			children = (
				D230F92D2C1D714D00C43797 /* Assets.xcassets */,
				D230F9322C1D714D00C43797 /* Info.plist */,
			);
			path = Resources;
			sourceTree = "<group>";
		};
		D2E459512C1E144200DB0756 /* Basic */ = {
			isa = PBXGroup;
			children = (
				D2E459522C1E1A4600DB0756 /* ExampleView */,
				D2E4594E2C1DB41500DB0756 /* LaunchScreen.storyboard */,
			);
			path = Basic;
			sourceTree = "<group>";
		};
		D2E459522C1E1A4600DB0756 /* ExampleView */ = {
			isa = PBXGroup;
			children = (
				D230F9282C1D714C00C43797 /* ViewController.swift */,
				D2E459532C1E1A6300DB0756 /* ViewModel.swift */,
			);
			path = ExampleView;
			sourceTree = "<group>";
		};
/* End PBXGroup section */

/* Begin PBXNativeTarget section */
		D230F9202C1D714C00C43797 /* MyKkumi */ = {
			isa = PBXNativeTarget;
			buildConfigurationList = D230F94B2C1D714E00C43797 /* Build configuration list for PBXNativeTarget "MyKkumi" */;
			buildPhases = (
				BE75B2B8C0BF4C80328B643F /* [CP] Check Pods Manifest.lock */,
				D230F91D2C1D714C00C43797 /* Sources */,
				D230F91E2C1D714C00C43797 /* Frameworks */,
				D230F91F2C1D714C00C43797 /* Resources */,
				2AC53148F3F26C0A4590FC53 /* [CP] Embed Pods Frameworks */,
			);
			buildRules = (
			);
			dependencies = (
			);
			name = MyKkumi;
			productName = MyKkumi;
			productReference = D230F9212C1D714C00C43797 /* MyKkumi.app */;
			productType = "com.apple.product-type.application";
		};
		D230F9362C1D714E00C43797 /* MyKkumiTests */ = {
			isa = PBXNativeTarget;
			buildConfigurationList = D230F94E2C1D714E00C43797 /* Build configuration list for PBXNativeTarget "MyKkumiTests" */;
			buildPhases = (
				8D3D19025A0EFAABF134E1C3 /* [CP] Check Pods Manifest.lock */,
				D230F9332C1D714E00C43797 /* Sources */,
				D230F9342C1D714E00C43797 /* Frameworks */,
				D230F9352C1D714E00C43797 /* Resources */,
			);
			buildRules = (
			);
			dependencies = (
				D230F9392C1D714E00C43797 /* PBXTargetDependency */,
			);
			name = MyKkumiTests;
			productName = MyKkumiTests;
			productReference = D230F9372C1D714E00C43797 /* MyKkumiTests.xctest */;
			productType = "com.apple.product-type.bundle.unit-test";
		};
		D230F9402C1D714E00C43797 /* MyKkumiUITests */ = {
			isa = PBXNativeTarget;
			buildConfigurationList = D230F9512C1D714E00C43797 /* Build configuration list for PBXNativeTarget "MyKkumiUITests" */;
			buildPhases = (
				B10C5A2776D481A25807A57F /* [CP] Check Pods Manifest.lock */,
				D230F93D2C1D714E00C43797 /* Sources */,
				D230F93E2C1D714E00C43797 /* Frameworks */,
				D230F93F2C1D714E00C43797 /* Resources */,
				4EE165852DFC036B3B8FD592 /* [CP] Embed Pods Frameworks */,
			);
			buildRules = (
			);
			dependencies = (
				D230F9432C1D714E00C43797 /* PBXTargetDependency */,
			);
			name = MyKkumiUITests;
			productName = MyKkumiUITests;
			productReference = D230F9412C1D714E00C43797 /* MyKkumiUITests.xctest */;
			productType = "com.apple.product-type.bundle.ui-testing";
		};
/* End PBXNativeTarget section */

/* Begin PBXProject section */
		D230F9192C1D714C00C43797 /* Project object */ = {
			isa = PBXProject;
			attributes = {
				BuildIndependentTargetsInParallel = 1;
				LastSwiftUpdateCheck = 1540;
				LastUpgradeCheck = 1540;
				TargetAttributes = {
					D230F9202C1D714C00C43797 = {
						CreatedOnToolsVersion = 15.4;
						LastSwiftMigration = 1540;
					};
					D230F9362C1D714E00C43797 = {
						CreatedOnToolsVersion = 15.4;
						TestTargetID = D230F9202C1D714C00C43797;
					};
					D230F9402C1D714E00C43797 = {
						CreatedOnToolsVersion = 15.4;
						TestTargetID = D230F9202C1D714C00C43797;
					};
				};
			};
			buildConfigurationList = D230F91C2C1D714C00C43797 /* Build configuration list for PBXProject "MyKkumi" */;
			compatibilityVersion = "Xcode 14.0";
			developmentRegion = en;
			hasScannedForEncodings = 0;
			knownRegions = (
				en,
				Base,
			);
			mainGroup = D230F9182C1D714C00C43797;
			productRefGroup = D230F9222C1D714C00C43797 /* Products */;
			projectDirPath = "";
			projectRoot = "";
			targets = (
				D230F9202C1D714C00C43797 /* MyKkumi */,
				D230F9362C1D714E00C43797 /* MyKkumiTests */,
				D230F9402C1D714E00C43797 /* MyKkumiUITests */,
			);
		};
/* End PBXProject section */

/* Begin PBXResourcesBuildPhase section */
		D230F91F2C1D714C00C43797 /* Resources */ = {
			isa = PBXResourcesBuildPhase;
			buildActionMask = 2147483647;
			files = (
				D2E4594F2C1DB41500DB0756 /* LaunchScreen.storyboard in Resources */,
				D230F92E2C1D714D00C43797 /* Assets.xcassets in Resources */,
			);
			runOnlyForDeploymentPostprocessing = 0;
		};
		D230F9352C1D714E00C43797 /* Resources */ = {
			isa = PBXResourcesBuildPhase;
			buildActionMask = 2147483647;
			files = (
			);
			runOnlyForDeploymentPostprocessing = 0;
		};
		D230F93F2C1D714E00C43797 /* Resources */ = {
			isa = PBXResourcesBuildPhase;
			buildActionMask = 2147483647;
			files = (
			);
			runOnlyForDeploymentPostprocessing = 0;
		};
/* End PBXResourcesBuildPhase section */

/* Begin PBXShellScriptBuildPhase section */
		2AC53148F3F26C0A4590FC53 /* [CP] Embed Pods Frameworks */ = {
			isa = PBXShellScriptBuildPhase;
			buildActionMask = 2147483647;
			files = (
			);
			inputFileListPaths = (
				"${PODS_ROOT}/Target Support Files/Pods-MyKkumi/Pods-MyKkumi-frameworks-${CONFIGURATION}-input-files.xcfilelist",
			);
			name = "[CP] Embed Pods Frameworks";
			outputFileListPaths = (
				"${PODS_ROOT}/Target Support Files/Pods-MyKkumi/Pods-MyKkumi-frameworks-${CONFIGURATION}-output-files.xcfilelist",
			);
			runOnlyForDeploymentPostprocessing = 0;
			shellPath = /bin/sh;
			shellScript = "\"${PODS_ROOT}/Target Support Files/Pods-MyKkumi/Pods-MyKkumi-frameworks.sh\"\n";
			showEnvVarsInLog = 0;
		};
		4EE165852DFC036B3B8FD592 /* [CP] Embed Pods Frameworks */ = {
			isa = PBXShellScriptBuildPhase;
			buildActionMask = 2147483647;
			files = (
			);
			inputFileListPaths = (
				"${PODS_ROOT}/Target Support Files/Pods-MyKkumi-MyKkumiUITests/Pods-MyKkumi-MyKkumiUITests-frameworks-${CONFIGURATION}-input-files.xcfilelist",
			);
			name = "[CP] Embed Pods Frameworks";
			outputFileListPaths = (
				"${PODS_ROOT}/Target Support Files/Pods-MyKkumi-MyKkumiUITests/Pods-MyKkumi-MyKkumiUITests-frameworks-${CONFIGURATION}-output-files.xcfilelist",
			);
			runOnlyForDeploymentPostprocessing = 0;
			shellPath = /bin/sh;
			shellScript = "\"${PODS_ROOT}/Target Support Files/Pods-MyKkumi-MyKkumiUITests/Pods-MyKkumi-MyKkumiUITests-frameworks.sh\"\n";
			showEnvVarsInLog = 0;
		};
		8D3D19025A0EFAABF134E1C3 /* [CP] Check Pods Manifest.lock */ = {
			isa = PBXShellScriptBuildPhase;
			buildActionMask = 2147483647;
			files = (
			);
			inputFileListPaths = (
			);
			inputPaths = (
				"${PODS_PODFILE_DIR_PATH}/Podfile.lock",
				"${PODS_ROOT}/Manifest.lock",
			);
			name = "[CP] Check Pods Manifest.lock";
			outputFileListPaths = (
			);
			outputPaths = (
				"$(DERIVED_FILE_DIR)/Pods-MyKkumiTests-checkManifestLockResult.txt",
			);
			runOnlyForDeploymentPostprocessing = 0;
			shellPath = /bin/sh;
			shellScript = "diff \"${PODS_PODFILE_DIR_PATH}/Podfile.lock\" \"${PODS_ROOT}/Manifest.lock\" > /dev/null\nif [ $? != 0 ] ; then\n    # print error to STDERR\n    echo \"error: The sandbox is not in sync with the Podfile.lock. Run 'pod install' or update your CocoaPods installation.\" >&2\n    exit 1\nfi\n# This output is used by Xcode 'outputs' to avoid re-running this script phase.\necho \"SUCCESS\" > \"${SCRIPT_OUTPUT_FILE_0}\"\n";
			showEnvVarsInLog = 0;
		};
		B10C5A2776D481A25807A57F /* [CP] Check Pods Manifest.lock */ = {
			isa = PBXShellScriptBuildPhase;
			buildActionMask = 2147483647;
			files = (
			);
			inputFileListPaths = (
			);
			inputPaths = (
				"${PODS_PODFILE_DIR_PATH}/Podfile.lock",
				"${PODS_ROOT}/Manifest.lock",
			);
			name = "[CP] Check Pods Manifest.lock";
			outputFileListPaths = (
			);
			outputPaths = (
				"$(DERIVED_FILE_DIR)/Pods-MyKkumi-MyKkumiUITests-checkManifestLockResult.txt",
			);
			runOnlyForDeploymentPostprocessing = 0;
			shellPath = /bin/sh;
			shellScript = "diff \"${PODS_PODFILE_DIR_PATH}/Podfile.lock\" \"${PODS_ROOT}/Manifest.lock\" > /dev/null\nif [ $? != 0 ] ; then\n    # print error to STDERR\n    echo \"error: The sandbox is not in sync with the Podfile.lock. Run 'pod install' or update your CocoaPods installation.\" >&2\n    exit 1\nfi\n# This output is used by Xcode 'outputs' to avoid re-running this script phase.\necho \"SUCCESS\" > \"${SCRIPT_OUTPUT_FILE_0}\"\n";
			showEnvVarsInLog = 0;
		};
		BE75B2B8C0BF4C80328B643F /* [CP] Check Pods Manifest.lock */ = {
			isa = PBXShellScriptBuildPhase;
			buildActionMask = 2147483647;
			files = (
			);
			inputFileListPaths = (
			);
			inputPaths = (
				"${PODS_PODFILE_DIR_PATH}/Podfile.lock",
				"${PODS_ROOT}/Manifest.lock",
			);
			name = "[CP] Check Pods Manifest.lock";
			outputFileListPaths = (
			);
			outputPaths = (
				"$(DERIVED_FILE_DIR)/Pods-MyKkumi-checkManifestLockResult.txt",
			);
			runOnlyForDeploymentPostprocessing = 0;
			shellPath = /bin/sh;
			shellScript = "diff \"${PODS_PODFILE_DIR_PATH}/Podfile.lock\" \"${PODS_ROOT}/Manifest.lock\" > /dev/null\nif [ $? != 0 ] ; then\n    # print error to STDERR\n    echo \"error: The sandbox is not in sync with the Podfile.lock. Run 'pod install' or update your CocoaPods installation.\" >&2\n    exit 1\nfi\n# This output is used by Xcode 'outputs' to avoid re-running this script phase.\necho \"SUCCESS\" > \"${SCRIPT_OUTPUT_FILE_0}\"\n";
			showEnvVarsInLog = 0;
		};
/* End PBXShellScriptBuildPhase section */

/* Begin PBXSourcesBuildPhase section */
		D230F91D2C1D714C00C43797 /* Sources */ = {
			isa = PBXSourcesBuildPhase;
			buildActionMask = 2147483647;
			files = (
				D21FB54A2C3D2B7700927905 /* PostCellViewModel.swift in Sources */,
				D28346F72C37F6230048CB2E /* HomeBannerCell.swift in Sources */,
				D2ABCE352C3427610035F7A1 /* PostDataSource.swift in Sources */,
				D2ABCE2D2C33C53A0035F7A1 /* PostImageCollectionViewCell.swift in Sources */,
				D2ABCE332C3424010035F7A1 /* PostVO.swift in Sources */,
				D230F9292C1D714C00C43797 /* ViewController.swift in Sources */,
				D28347042C3BB1D50048CB2E /* BannerCellViewModel.swift in Sources */,
				D2ABCE3B2C3434140035F7A1 /* PostRespository.swift in Sources */,
				D2ABCDE72C2A9D510035F7A1 /* AroundViewController.swift in Sources */,
				D2ABCE372C3427E70035F7A1 /* Post.swift in Sources */,
				D2ABCE272C33BFD00035F7A1 /* PostTableView.swift in Sources */,
				D28346FA2C38312A0048CB2E /* CountButton.swift in Sources */,
				D2ABCDFD2C2BFE370035F7A1 /* BannerCollectionView.swift in Sources */,
				D21FB5482C3BEE7F00927905 /* TestViewModel.swift in Sources */,
				D230F9252C1D714C00C43797 /* AppDelegate.swift in Sources */,
				D2ABCE162C2D4BF50035F7A1 /* ImageExtension.swift in Sources */,
				D2ABCDDA2C2A6D630035F7A1 /* BasicDataAssemply.swift in Sources */,
				D2ABCE2B2C33C4D90035F7A1 /* PostImageCollectionView.swift in Sources */,
				D2ABCE142C2D2F490035F7A1 /* NetworkConfiguration.swift in Sources */,
				D2ABCDD22C2A68940035F7A1 /* BasicDataSource.swift in Sources */,
				D21FB54F2C3E820100927905 /* AuthViewModel.swift in Sources */,
				D2ABCDF92C2BE55B0035F7A1 /* BaseViewController.swift in Sources */,
				D21FB54D2C3E7ECD00927905 /* AuthViewController.swift in Sources */,
				D2ABCE312C33C64C0035F7A1 /* PostImageCollectionViewFlowLayout.swift in Sources */,
				D2ABCDF22C2AB5470035F7A1 /* Colors.swift in Sources */,
				D2ABCDCE2C2A66910035F7A1 /* BasicRespository.swift in Sources */,
				D2ABCE082C2D256B0035F7A1 /* BannerUsecase.swift in Sources */,
				D2ABCE0E2C2D2DB10035F7A1 /* BannerDataSource.swift in Sources */,
				D2ABCDCB2C2A66350035F7A1 /* BasicUsecase.swift in Sources */,
				D2ABCDFF2C2BFF330035F7A1 /* BannerCollectionCell.swift in Sources */,
				D210306D2C21864B0059CACA /* GetTitle.swift in Sources */,
				D21030662C2178530059CACA /* BasicProtocol.swift in Sources */,
				D21FB5462C3BEE5700927905 /* TestView.swift in Sources */,
				D2ABCE0C2C2D2D6A0035F7A1 /* BannerRepository.swift in Sources */,
				D2ABCE0A2C2D26430035F7A1 /* BannerRepositoryProtocol.swift in Sources */,
				D2E459542C1E1A6300DB0756 /* ViewModel.swift in Sources */,
				D2ABCDE92C2A9D6F0035F7A1 /* ShoppingViewController.swift in Sources */,
				D2ABCDDC2C2A6E780035F7A1 /* DependencyInjector.swift in Sources */,
				D21030632C2177E90059CACA /* BasicNetwork.swift in Sources */,
				D230F9272C1D714C00C43797 /* SceneDelegate.swift in Sources */,
				D2ABCE1A2C2D4F590035F7A1 /* DomainAssembly.swift in Sources */,
				D2ABCDE52C2A9CED0035F7A1 /* HomeViewController.swift in Sources */,
				D20BC2502C428EC9000AA8C9 /* ResultExtension.swift in Sources */,
				D2ABCE292C33C2560035F7A1 /* PostTableCell.swift in Sources */,
				D2ABCE062C2D20110035F7A1 /* ErrorVO.swift in Sources */,
				D2ABCE222C3271B60035F7A1 /* BannerInfoViewModel.swift in Sources */,
				D28346D72C3575ED0048CB2E /* UIViewController+Rx.swift in Sources */,
				D21030602C1FC1900059CACA /* HelloWorld.swift in Sources */,
				D2ABCE012C2C01880035F7A1 /* BannerCollectionViewFlowLayout.swift in Sources */,
				D2ABCE3D2C3434F00035F7A1 /* PostUsecase.swift in Sources */,
				D2ABCE1E2C2EAB5D0035F7A1 /* BannerInfoViewController.swift in Sources */,
				D2ABCE112C2D2E9F0035F7A1 /* Banner.swift in Sources */,
				D2ABCDED2C2AAEA10035F7A1 /* HomeViewModel.swift in Sources */,
				D2E4595C2C1E383D00DB0756 /* BasicCommon.swift in Sources */,
				D2ABCE032C2D1E490035F7A1 /* BannerVO.swift in Sources */,
				D2ABCDEB2C2A9D8A0035F7A1 /* MypageViewController.swift in Sources */,
				D2ABCE392C3433C10035F7A1 /* PostRespositoryProtocol.swift in Sources */,
				D2ABCE182C2D4E370035F7A1 /* DataAssembly.swift in Sources */,
				D2ABCE1C2C2D94EE0035F7A1 /* DetailBannerViewController.swift in Sources */,
				D2ABCDD82C2A6AE10035F7A1 /* BasicAssembly.swift in Sources */,
				D2ABCDD42C2A69D10035F7A1 /* BasicRepository.swift in Sources */,
			);
			runOnlyForDeploymentPostprocessing = 0;
		};
		D230F9332C1D714E00C43797 /* Sources */ = {
			isa = PBXSourcesBuildPhase;
			buildActionMask = 2147483647;
			files = (
				D230F93C2C1D714E00C43797 /* MyKkumiTests.swift in Sources */,
			);
			runOnlyForDeploymentPostprocessing = 0;
		};
		D230F93D2C1D714E00C43797 /* Sources */ = {
			isa = PBXSourcesBuildPhase;
			buildActionMask = 2147483647;
			files = (
				D230F9482C1D714E00C43797 /* MyKkumiUITestsLaunchTests.swift in Sources */,
				D230F9462C1D714E00C43797 /* MyKkumiUITests.swift in Sources */,
			);
			runOnlyForDeploymentPostprocessing = 0;
		};
/* End PBXSourcesBuildPhase section */

/* Begin PBXTargetDependency section */
		D230F9392C1D714E00C43797 /* PBXTargetDependency */ = {
			isa = PBXTargetDependency;
			target = D230F9202C1D714C00C43797 /* MyKkumi */;
			targetProxy = D230F9382C1D714E00C43797 /* PBXContainerItemProxy */;
		};
		D230F9432C1D714E00C43797 /* PBXTargetDependency */ = {
			isa = PBXTargetDependency;
			target = D230F9202C1D714C00C43797 /* MyKkumi */;
			targetProxy = D230F9422C1D714E00C43797 /* PBXContainerItemProxy */;
		};
/* End PBXTargetDependency section */

/* Begin XCBuildConfiguration section */
		D230F9492C1D714E00C43797 /* Debug */ = {
			isa = XCBuildConfiguration;
			buildSettings = {
				ALWAYS_SEARCH_USER_PATHS = NO;
				ASSETCATALOG_COMPILER_GENERATE_SWIFT_ASSET_SYMBOL_EXTENSIONS = YES;
				CLANG_ANALYZER_NONNULL = YES;
				CLANG_ANALYZER_NUMBER_OBJECT_CONVERSION = YES_AGGRESSIVE;
				CLANG_CXX_LANGUAGE_STANDARD = "gnu++20";
				CLANG_ENABLE_MODULES = YES;
				CLANG_ENABLE_OBJC_ARC = YES;
				CLANG_ENABLE_OBJC_WEAK = YES;
				CLANG_WARN_BLOCK_CAPTURE_AUTORELEASING = YES;
				CLANG_WARN_BOOL_CONVERSION = YES;
				CLANG_WARN_COMMA = YES;
				CLANG_WARN_CONSTANT_CONVERSION = YES;
				CLANG_WARN_DEPRECATED_OBJC_IMPLEMENTATIONS = YES;
				CLANG_WARN_DIRECT_OBJC_ISA_USAGE = YES_ERROR;
				CLANG_WARN_DOCUMENTATION_COMMENTS = YES;
				CLANG_WARN_EMPTY_BODY = YES;
				CLANG_WARN_ENUM_CONVERSION = YES;
				CLANG_WARN_INFINITE_RECURSION = YES;
				CLANG_WARN_INT_CONVERSION = YES;
				CLANG_WARN_NON_LITERAL_NULL_CONVERSION = YES;
				CLANG_WARN_OBJC_IMPLICIT_RETAIN_SELF = YES;
				CLANG_WARN_OBJC_LITERAL_CONVERSION = YES;
				CLANG_WARN_OBJC_ROOT_CLASS = YES_ERROR;
				CLANG_WARN_QUOTED_INCLUDE_IN_FRAMEWORK_HEADER = YES;
				CLANG_WARN_RANGE_LOOP_ANALYSIS = YES;
				CLANG_WARN_STRICT_PROTOTYPES = YES;
				CLANG_WARN_SUSPICIOUS_MOVE = YES;
				CLANG_WARN_UNGUARDED_AVAILABILITY = YES_AGGRESSIVE;
				CLANG_WARN_UNREACHABLE_CODE = YES;
				CLANG_WARN__DUPLICATE_METHOD_MATCH = YES;
				COPY_PHASE_STRIP = NO;
				DEBUG_INFORMATION_FORMAT = dwarf;
				ENABLE_STRICT_OBJC_MSGSEND = YES;
				ENABLE_TESTABILITY = YES;
				ENABLE_USER_SCRIPT_SANDBOXING = NO;
				GCC_C_LANGUAGE_STANDARD = gnu17;
				GCC_DYNAMIC_NO_PIC = NO;
				GCC_NO_COMMON_BLOCKS = YES;
				GCC_OPTIMIZATION_LEVEL = 0;
				GCC_PREPROCESSOR_DEFINITIONS = (
					"DEBUG=1",
					"$(inherited)",
				);
				GCC_WARN_64_TO_32_BIT_CONVERSION = YES;
				GCC_WARN_ABOUT_RETURN_TYPE = YES_ERROR;
				GCC_WARN_UNDECLARED_SELECTOR = YES;
				GCC_WARN_UNINITIALIZED_AUTOS = YES_AGGRESSIVE;
				GCC_WARN_UNUSED_FUNCTION = YES;
				GCC_WARN_UNUSED_VARIABLE = YES;
				IPHONEOS_DEPLOYMENT_TARGET = 17.5;
				LOCALIZATION_PREFERS_STRING_CATALOGS = YES;
				MTL_ENABLE_DEBUG_INFO = INCLUDE_SOURCE;
				MTL_FAST_MATH = YES;
				ONLY_ACTIVE_ARCH = YES;
				SDKROOT = iphoneos;
				SWIFT_ACTIVE_COMPILATION_CONDITIONS = "DEBUG $(inherited)";
				SWIFT_OPTIMIZATION_LEVEL = "-Onone";
			};
			name = Debug;
		};
		D230F94A2C1D714E00C43797 /* Release */ = {
			isa = XCBuildConfiguration;
			buildSettings = {
				ALWAYS_SEARCH_USER_PATHS = NO;
				ASSETCATALOG_COMPILER_GENERATE_SWIFT_ASSET_SYMBOL_EXTENSIONS = YES;
				CLANG_ANALYZER_NONNULL = YES;
				CLANG_ANALYZER_NUMBER_OBJECT_CONVERSION = YES_AGGRESSIVE;
				CLANG_CXX_LANGUAGE_STANDARD = "gnu++20";
				CLANG_ENABLE_MODULES = YES;
				CLANG_ENABLE_OBJC_ARC = YES;
				CLANG_ENABLE_OBJC_WEAK = YES;
				CLANG_WARN_BLOCK_CAPTURE_AUTORELEASING = YES;
				CLANG_WARN_BOOL_CONVERSION = YES;
				CLANG_WARN_COMMA = YES;
				CLANG_WARN_CONSTANT_CONVERSION = YES;
				CLANG_WARN_DEPRECATED_OBJC_IMPLEMENTATIONS = YES;
				CLANG_WARN_DIRECT_OBJC_ISA_USAGE = YES_ERROR;
				CLANG_WARN_DOCUMENTATION_COMMENTS = YES;
				CLANG_WARN_EMPTY_BODY = YES;
				CLANG_WARN_ENUM_CONVERSION = YES;
				CLANG_WARN_INFINITE_RECURSION = YES;
				CLANG_WARN_INT_CONVERSION = YES;
				CLANG_WARN_NON_LITERAL_NULL_CONVERSION = YES;
				CLANG_WARN_OBJC_IMPLICIT_RETAIN_SELF = YES;
				CLANG_WARN_OBJC_LITERAL_CONVERSION = YES;
				CLANG_WARN_OBJC_ROOT_CLASS = YES_ERROR;
				CLANG_WARN_QUOTED_INCLUDE_IN_FRAMEWORK_HEADER = YES;
				CLANG_WARN_RANGE_LOOP_ANALYSIS = YES;
				CLANG_WARN_STRICT_PROTOTYPES = YES;
				CLANG_WARN_SUSPICIOUS_MOVE = YES;
				CLANG_WARN_UNGUARDED_AVAILABILITY = YES_AGGRESSIVE;
				CLANG_WARN_UNREACHABLE_CODE = YES;
				CLANG_WARN__DUPLICATE_METHOD_MATCH = YES;
				COPY_PHASE_STRIP = NO;
				DEBUG_INFORMATION_FORMAT = "dwarf-with-dsym";
				ENABLE_NS_ASSERTIONS = NO;
				ENABLE_STRICT_OBJC_MSGSEND = YES;
				ENABLE_USER_SCRIPT_SANDBOXING = NO;
				GCC_C_LANGUAGE_STANDARD = gnu17;
				GCC_NO_COMMON_BLOCKS = YES;
				GCC_WARN_64_TO_32_BIT_CONVERSION = YES;
				GCC_WARN_ABOUT_RETURN_TYPE = YES_ERROR;
				GCC_WARN_UNDECLARED_SELECTOR = YES;
				GCC_WARN_UNINITIALIZED_AUTOS = YES_AGGRESSIVE;
				GCC_WARN_UNUSED_FUNCTION = YES;
				GCC_WARN_UNUSED_VARIABLE = YES;
				IPHONEOS_DEPLOYMENT_TARGET = 17.5;
				LOCALIZATION_PREFERS_STRING_CATALOGS = YES;
				MTL_ENABLE_DEBUG_INFO = NO;
				MTL_FAST_MATH = YES;
				SDKROOT = iphoneos;
				SWIFT_COMPILATION_MODE = wholemodule;
				VALIDATE_PRODUCT = YES;
			};
			name = Release;
		};
		D230F94C2C1D714E00C43797 /* Debug */ = {
			isa = XCBuildConfiguration;
			baseConfigurationReference = 3DC498AE771C65151C848D34 /* Pods-MyKkumi.debug.xcconfig */;
			buildSettings = {
				ASSETCATALOG_COMPILER_APPICON_NAME = AppIcon;
				ASSETCATALOG_COMPILER_GLOBAL_ACCENT_COLOR_NAME = AccentColor;
				CLANG_ENABLE_MODULES = YES;
				CODE_SIGN_STYLE = Automatic;
				CURRENT_PROJECT_VERSION = 1;
				DEVELOPMENT_TEAM = Y7GS8T9LGZ;
				ENABLE_USER_SCRIPT_SANDBOXING = NO;
				GENERATE_INFOPLIST_FILE = YES;
				INFOPLIST_FILE = MyKkumi/Resources/Info.plist;
				INFOPLIST_KEY_UIApplicationSupportsIndirectInputEvents = YES;
				INFOPLIST_KEY_UILaunchStoryboardName = LaunchScreen;
				INFOPLIST_KEY_UISupportedInterfaceOrientations_iPad = "UIInterfaceOrientationPortrait UIInterfaceOrientationPortraitUpsideDown UIInterfaceOrientationLandscapeLeft UIInterfaceOrientationLandscapeRight";
				INFOPLIST_KEY_UISupportedInterfaceOrientations_iPhone = "UIInterfaceOrientationPortrait UIInterfaceOrientationLandscapeLeft UIInterfaceOrientationLandscapeRight";
				IPHONEOS_DEPLOYMENT_TARGET = 15.0;
				LD_RUNPATH_SEARCH_PATHS = (
					"$(inherited)",
					"@executable_path/Frameworks",
				);
				MARKETING_VERSION = 1.0;
				PRODUCT_BUNDLE_IDENTIFIER = com.MyKkumi.MyKkumi;
				PRODUCT_NAME = "$(TARGET_NAME)";
				SWIFT_EMIT_LOC_STRINGS = YES;
				SWIFT_OPTIMIZATION_LEVEL = "-Onone";
				SWIFT_VERSION = 5.0;
				TARGETED_DEVICE_FAMILY = "1,2";
			};
			name = Debug;
		};
		D230F94D2C1D714E00C43797 /* Release */ = {
			isa = XCBuildConfiguration;
			baseConfigurationReference = F6DC5A17030EFC69F83EACBA /* Pods-MyKkumi.release.xcconfig */;
			buildSettings = {
				ASSETCATALOG_COMPILER_APPICON_NAME = AppIcon;
				ASSETCATALOG_COMPILER_GLOBAL_ACCENT_COLOR_NAME = AccentColor;
				CLANG_ENABLE_MODULES = YES;
				CODE_SIGN_STYLE = Automatic;
				CURRENT_PROJECT_VERSION = 1;
				DEVELOPMENT_TEAM = Y7GS8T9LGZ;
				ENABLE_USER_SCRIPT_SANDBOXING = NO;
				GENERATE_INFOPLIST_FILE = YES;
				INFOPLIST_FILE = MyKkumi/Resources/Info.plist;
				INFOPLIST_KEY_UIApplicationSupportsIndirectInputEvents = YES;
				INFOPLIST_KEY_UILaunchStoryboardName = LaunchScreen;
				INFOPLIST_KEY_UISupportedInterfaceOrientations_iPad = "UIInterfaceOrientationPortrait UIInterfaceOrientationPortraitUpsideDown UIInterfaceOrientationLandscapeLeft UIInterfaceOrientationLandscapeRight";
				INFOPLIST_KEY_UISupportedInterfaceOrientations_iPhone = "UIInterfaceOrientationPortrait UIInterfaceOrientationLandscapeLeft UIInterfaceOrientationLandscapeRight";
				IPHONEOS_DEPLOYMENT_TARGET = 15.0;
				LD_RUNPATH_SEARCH_PATHS = (
					"$(inherited)",
					"@executable_path/Frameworks",
				);
				MARKETING_VERSION = 1.0;
				PRODUCT_BUNDLE_IDENTIFIER = com.MyKkumi.MyKkumi;
				PRODUCT_NAME = "$(TARGET_NAME)";
				SWIFT_EMIT_LOC_STRINGS = YES;
				SWIFT_VERSION = 5.0;
				TARGETED_DEVICE_FAMILY = "1,2";
			};
			name = Release;
		};
		D230F94F2C1D714E00C43797 /* Debug */ = {
			isa = XCBuildConfiguration;
			baseConfigurationReference = DD509B30BF78F2EF18546CC5 /* Pods-MyKkumiTests.debug.xcconfig */;
			buildSettings = {
				ALWAYS_EMBED_SWIFT_STANDARD_LIBRARIES = YES;
				BUNDLE_LOADER = "$(TEST_HOST)";
				CODE_SIGN_STYLE = Automatic;
				CURRENT_PROJECT_VERSION = 1;
				DEVELOPMENT_TEAM = FHYRWZCT6D;
				GENERATE_INFOPLIST_FILE = YES;
				IPHONEOS_DEPLOYMENT_TARGET = 17.5;
				MARKETING_VERSION = 1.0;
				PRODUCT_BUNDLE_IDENTIFIER = com.MyKkumi.MyKkumiTests;
				PRODUCT_NAME = "$(TARGET_NAME)";
				SWIFT_EMIT_LOC_STRINGS = NO;
				SWIFT_VERSION = 5.0;
				TARGETED_DEVICE_FAMILY = "1,2";
				TEST_HOST = "$(BUILT_PRODUCTS_DIR)/MyKkumi.app/$(BUNDLE_EXECUTABLE_FOLDER_PATH)/MyKkumi";
			};
			name = Debug;
		};
		D230F9502C1D714E00C43797 /* Release */ = {
			isa = XCBuildConfiguration;
			baseConfigurationReference = 06175985FB43C015630DA014 /* Pods-MyKkumiTests.release.xcconfig */;
			buildSettings = {
				ALWAYS_EMBED_SWIFT_STANDARD_LIBRARIES = YES;
				BUNDLE_LOADER = "$(TEST_HOST)";
				CODE_SIGN_STYLE = Automatic;
				CURRENT_PROJECT_VERSION = 1;
				DEVELOPMENT_TEAM = FHYRWZCT6D;
				GENERATE_INFOPLIST_FILE = YES;
				IPHONEOS_DEPLOYMENT_TARGET = 17.5;
				MARKETING_VERSION = 1.0;
				PRODUCT_BUNDLE_IDENTIFIER = com.MyKkumi.MyKkumiTests;
				PRODUCT_NAME = "$(TARGET_NAME)";
				SWIFT_EMIT_LOC_STRINGS = NO;
				SWIFT_VERSION = 5.0;
				TARGETED_DEVICE_FAMILY = "1,2";
				TEST_HOST = "$(BUILT_PRODUCTS_DIR)/MyKkumi.app/$(BUNDLE_EXECUTABLE_FOLDER_PATH)/MyKkumi";
			};
			name = Release;
		};
		D230F9522C1D714E00C43797 /* Debug */ = {
			isa = XCBuildConfiguration;
			baseConfigurationReference = FC2461C807CEF6A2AC1EB837 /* Pods-MyKkumi-MyKkumiUITests.debug.xcconfig */;
			buildSettings = {
				ALWAYS_EMBED_SWIFT_STANDARD_LIBRARIES = YES;
				CODE_SIGN_STYLE = Automatic;
				CURRENT_PROJECT_VERSION = 1;
				DEVELOPMENT_TEAM = FHYRWZCT6D;
				GENERATE_INFOPLIST_FILE = YES;
				MARKETING_VERSION = 1.0;
				PRODUCT_BUNDLE_IDENTIFIER = com.MyKkumi.MyKkumiUITests;
				PRODUCT_NAME = "$(TARGET_NAME)";
				SWIFT_EMIT_LOC_STRINGS = NO;
				SWIFT_VERSION = 5.0;
				TARGETED_DEVICE_FAMILY = "1,2";
				TEST_TARGET_NAME = MyKkumi;
			};
			name = Debug;
		};
		D230F9532C1D714E00C43797 /* Release */ = {
			isa = XCBuildConfiguration;
			baseConfigurationReference = 41C962447B851B4C15F4BDA8 /* Pods-MyKkumi-MyKkumiUITests.release.xcconfig */;
			buildSettings = {
				ALWAYS_EMBED_SWIFT_STANDARD_LIBRARIES = YES;
				CODE_SIGN_STYLE = Automatic;
				CURRENT_PROJECT_VERSION = 1;
				DEVELOPMENT_TEAM = FHYRWZCT6D;
				GENERATE_INFOPLIST_FILE = YES;
				MARKETING_VERSION = 1.0;
				PRODUCT_BUNDLE_IDENTIFIER = com.MyKkumi.MyKkumiUITests;
				PRODUCT_NAME = "$(TARGET_NAME)";
				SWIFT_EMIT_LOC_STRINGS = NO;
				SWIFT_VERSION = 5.0;
				TARGETED_DEVICE_FAMILY = "1,2";
				TEST_TARGET_NAME = MyKkumi;
			};
			name = Release;
		};
/* End XCBuildConfiguration section */

/* Begin XCConfigurationList section */
		D230F91C2C1D714C00C43797 /* Build configuration list for PBXProject "MyKkumi" */ = {
			isa = XCConfigurationList;
			buildConfigurations = (
				D230F9492C1D714E00C43797 /* Debug */,
				D230F94A2C1D714E00C43797 /* Release */,
			);
			defaultConfigurationIsVisible = 0;
			defaultConfigurationName = Release;
		};
		D230F94B2C1D714E00C43797 /* Build configuration list for PBXNativeTarget "MyKkumi" */ = {
			isa = XCConfigurationList;
			buildConfigurations = (
				D230F94C2C1D714E00C43797 /* Debug */,
				D230F94D2C1D714E00C43797 /* Release */,
			);
			defaultConfigurationIsVisible = 0;
			defaultConfigurationName = Release;
		};
		D230F94E2C1D714E00C43797 /* Build configuration list for PBXNativeTarget "MyKkumiTests" */ = {
			isa = XCConfigurationList;
			buildConfigurations = (
				D230F94F2C1D714E00C43797 /* Debug */,
				D230F9502C1D714E00C43797 /* Release */,
			);
			defaultConfigurationIsVisible = 0;
			defaultConfigurationName = Release;
		};
		D230F9512C1D714E00C43797 /* Build configuration list for PBXNativeTarget "MyKkumiUITests" */ = {
			isa = XCConfigurationList;
			buildConfigurations = (
				D230F9522C1D714E00C43797 /* Debug */,
				D230F9532C1D714E00C43797 /* Release */,
			);
			defaultConfigurationIsVisible = 0;
			defaultConfigurationName = Release;
		};
/* End XCConfigurationList section */
	};
	rootObject = D230F9192C1D714C00C43797 /* Project object */;
}
