// !$*UTF8*$!
{
	archiveVersion = 1;
	classes = {
	};
	objectVersion = 56;
	objects = {

/* Begin PBXBuildFile section */
		2EBDF12C48E4FB6E383A9E9A /* Pods_MyKkumi.framework in Frameworks */ = {isa = PBXBuildFile; fileRef = A547AF2DE94455B170A30B21 /* Pods_MyKkumi.framework */; };
		C7A6261FFAE1D0CA5DC9569A /* Pods_MyKkumiTests.framework in Frameworks */ = {isa = PBXBuildFile; fileRef = 0BF70C9C9B019E1CDAB0985C /* Pods_MyKkumiTests.framework */; };
		CEE63EDF48E74F388F0DB9F5 /* Pods_MyKkumi_MyKkumiUITests.framework in Frameworks */ = {isa = PBXBuildFile; fileRef = 07DFB17D7AB07B56C790B172 /* Pods_MyKkumi_MyKkumiUITests.framework */; };
		D230F9252C1D714C00C43797 /* AppDelegate.swift in Sources */ = {isa = PBXBuildFile; fileRef = D230F9242C1D714C00C43797 /* AppDelegate.swift */; };
		D230F9272C1D714C00C43797 /* SceneDelegate.swift in Sources */ = {isa = PBXBuildFile; fileRef = D230F9262C1D714C00C43797 /* SceneDelegate.swift */; };
		D230F9292C1D714C00C43797 /* ViewController.swift in Sources */ = {isa = PBXBuildFile; fileRef = D230F9282C1D714C00C43797 /* ViewController.swift */; };
		D230F92E2C1D714D00C43797 /* Assets.xcassets in Resources */ = {isa = PBXBuildFile; fileRef = D230F92D2C1D714D00C43797 /* Assets.xcassets */; };
		D230F93C2C1D714E00C43797 /* MyKkumiTests.swift in Sources */ = {isa = PBXBuildFile; fileRef = D230F93B2C1D714E00C43797 /* MyKkumiTests.swift */; };
		D230F9462C1D714E00C43797 /* MyKkumiUITests.swift in Sources */ = {isa = PBXBuildFile; fileRef = D230F9452C1D714E00C43797 /* MyKkumiUITests.swift */; };
		D230F9482C1D714E00C43797 /* MyKkumiUITestsLaunchTests.swift in Sources */ = {isa = PBXBuildFile; fileRef = D230F9472C1D714E00C43797 /* MyKkumiUITestsLaunchTests.swift */; };
		D230F9552C1D721C00C43797 /* .gitignore in Resources */ = {isa = PBXBuildFile; fileRef = D230F9542C1D721C00C43797 /* .gitignore */; };
		D2E4594F2C1DB41500DB0756 /* LaunchScreen.storyboard in Resources */ = {isa = PBXBuildFile; fileRef = D2E4594E2C1DB41500DB0756 /* LaunchScreen.storyboard */; };
		D2E459542C1E1A6300DB0756 /* ViewModel.swift in Sources */ = {isa = PBXBuildFile; fileRef = D2E459532C1E1A6300DB0756 /* ViewModel.swift */; };
/* End PBXBuildFile section */

/* Begin PBXContainerItemProxy section */
		D230F9382C1D714E00C43797 /* PBXContainerItemProxy */ = {
			isa = PBXContainerItemProxy;
			containerPortal = D230F9192C1D714C00C43797 /* Project object */;
			proxyType = 1;
			remoteGlobalIDString = D230F9202C1D714C00C43797;
			remoteInfo = MyKkumi;
		};
		D230F9422C1D714E00C43797 /* PBXContainerItemProxy */ = {
			isa = PBXContainerItemProxy;
			containerPortal = D230F9192C1D714C00C43797 /* Project object */;
			proxyType = 1;
			remoteGlobalIDString = D230F9202C1D714C00C43797;
			remoteInfo = MyKkumi;
		};
/* End PBXContainerItemProxy section */

/* Begin PBXFileReference section */
		06175985FB43C015630DA014 /* Pods-MyKkumiTests.release.xcconfig */ = {isa = PBXFileReference; includeInIndex = 1; lastKnownFileType = text.xcconfig; name = "Pods-MyKkumiTests.release.xcconfig"; path = "Target Support Files/Pods-MyKkumiTests/Pods-MyKkumiTests.release.xcconfig"; sourceTree = "<group>"; };
		07DFB17D7AB07B56C790B172 /* Pods_MyKkumi_MyKkumiUITests.framework */ = {isa = PBXFileReference; explicitFileType = wrapper.framework; includeInIndex = 0; path = Pods_MyKkumi_MyKkumiUITests.framework; sourceTree = BUILT_PRODUCTS_DIR; };
		0BF70C9C9B019E1CDAB0985C /* Pods_MyKkumiTests.framework */ = {isa = PBXFileReference; explicitFileType = wrapper.framework; includeInIndex = 0; path = Pods_MyKkumiTests.framework; sourceTree = BUILT_PRODUCTS_DIR; };
		3DC498AE771C65151C848D34 /* Pods-MyKkumi.debug.xcconfig */ = {isa = PBXFileReference; includeInIndex = 1; lastKnownFileType = text.xcconfig; name = "Pods-MyKkumi.debug.xcconfig"; path = "Target Support Files/Pods-MyKkumi/Pods-MyKkumi.debug.xcconfig"; sourceTree = "<group>"; };
		41C962447B851B4C15F4BDA8 /* Pods-MyKkumi-MyKkumiUITests.release.xcconfig */ = {isa = PBXFileReference; includeInIndex = 1; lastKnownFileType = text.xcconfig; name = "Pods-MyKkumi-MyKkumiUITests.release.xcconfig"; path = "Target Support Files/Pods-MyKkumi-MyKkumiUITests/Pods-MyKkumi-MyKkumiUITests.release.xcconfig"; sourceTree = "<group>"; };
		A547AF2DE94455B170A30B21 /* Pods_MyKkumi.framework */ = {isa = PBXFileReference; explicitFileType = wrapper.framework; includeInIndex = 0; path = Pods_MyKkumi.framework; sourceTree = BUILT_PRODUCTS_DIR; };
		D230F9212C1D714C00C43797 /* MyKkumi.app */ = {isa = PBXFileReference; explicitFileType = wrapper.application; includeInIndex = 0; path = MyKkumi.app; sourceTree = BUILT_PRODUCTS_DIR; };
		D230F9242C1D714C00C43797 /* AppDelegate.swift */ = {isa = PBXFileReference; lastKnownFileType = sourcecode.swift; path = AppDelegate.swift; sourceTree = "<group>"; };
		D230F9262C1D714C00C43797 /* SceneDelegate.swift */ = {isa = PBXFileReference; lastKnownFileType = sourcecode.swift; path = SceneDelegate.swift; sourceTree = "<group>"; };
		D230F9282C1D714C00C43797 /* ViewController.swift */ = {isa = PBXFileReference; lastKnownFileType = sourcecode.swift; path = ViewController.swift; sourceTree = "<group>"; };
		D230F92D2C1D714D00C43797 /* Assets.xcassets */ = {isa = PBXFileReference; lastKnownFileType = folder.assetcatalog; path = Assets.xcassets; sourceTree = "<group>"; };
		D230F9322C1D714D00C43797 /* Info.plist */ = {isa = PBXFileReference; lastKnownFileType = text.plist.xml; path = Info.plist; sourceTree = "<group>"; };
		D230F9372C1D714E00C43797 /* MyKkumiTests.xctest */ = {isa = PBXFileReference; explicitFileType = wrapper.cfbundle; includeInIndex = 0; path = MyKkumiTests.xctest; sourceTree = BUILT_PRODUCTS_DIR; };
		D230F93B2C1D714E00C43797 /* MyKkumiTests.swift */ = {isa = PBXFileReference; lastKnownFileType = sourcecode.swift; path = MyKkumiTests.swift; sourceTree = "<group>"; };
		D230F9412C1D714E00C43797 /* MyKkumiUITests.xctest */ = {isa = PBXFileReference; explicitFileType = wrapper.cfbundle; includeInIndex = 0; path = MyKkumiUITests.xctest; sourceTree = BUILT_PRODUCTS_DIR; };
		D230F9452C1D714E00C43797 /* MyKkumiUITests.swift */ = {isa = PBXFileReference; lastKnownFileType = sourcecode.swift; path = MyKkumiUITests.swift; sourceTree = "<group>"; };
		D230F9472C1D714E00C43797 /* MyKkumiUITestsLaunchTests.swift */ = {isa = PBXFileReference; lastKnownFileType = sourcecode.swift; path = MyKkumiUITestsLaunchTests.swift; sourceTree = "<group>"; };
		D230F9542C1D721C00C43797 /* .gitignore */ = {isa = PBXFileReference; lastKnownFileType = text; path = .gitignore; sourceTree = "<group>"; };
		D2E4594E2C1DB41500DB0756 /* LaunchScreen.storyboard */ = {isa = PBXFileReference; fileEncoding = 4; lastKnownFileType = file.storyboard; path = LaunchScreen.storyboard; sourceTree = "<group>"; };
		D2E459532C1E1A6300DB0756 /* ViewModel.swift */ = {isa = PBXFileReference; lastKnownFileType = sourcecode.swift; path = ViewModel.swift; sourceTree = "<group>"; };
		DD509B30BF78F2EF18546CC5 /* Pods-MyKkumiTests.debug.xcconfig */ = {isa = PBXFileReference; includeInIndex = 1; lastKnownFileType = text.xcconfig; name = "Pods-MyKkumiTests.debug.xcconfig"; path = "Target Support Files/Pods-MyKkumiTests/Pods-MyKkumiTests.debug.xcconfig"; sourceTree = "<group>"; };
		F6DC5A17030EFC69F83EACBA /* Pods-MyKkumi.release.xcconfig */ = {isa = PBXFileReference; includeInIndex = 1; lastKnownFileType = text.xcconfig; name = "Pods-MyKkumi.release.xcconfig"; path = "Target Support Files/Pods-MyKkumi/Pods-MyKkumi.release.xcconfig"; sourceTree = "<group>"; };
		FC2461C807CEF6A2AC1EB837 /* Pods-MyKkumi-MyKkumiUITests.debug.xcconfig */ = {isa = PBXFileReference; includeInIndex = 1; lastKnownFileType = text.xcconfig; name = "Pods-MyKkumi-MyKkumiUITests.debug.xcconfig"; path = "Target Support Files/Pods-MyKkumi-MyKkumiUITests/Pods-MyKkumi-MyKkumiUITests.debug.xcconfig"; sourceTree = "<group>"; };
/* End PBXFileReference section */

/* Begin PBXFrameworksBuildPhase section */
		D230F91E2C1D714C00C43797 /* Frameworks */ = {
			isa = PBXFrameworksBuildPhase;
			buildActionMask = 2147483647;
			files = (
				2EBDF12C48E4FB6E383A9E9A /* Pods_MyKkumi.framework in Frameworks */,
			);
			runOnlyForDeploymentPostprocessing = 0;
		};
		D230F9342C1D714E00C43797 /* Frameworks */ = {
			isa = PBXFrameworksBuildPhase;
			buildActionMask = 2147483647;
			files = (
				C7A6261FFAE1D0CA5DC9569A /* Pods_MyKkumiTests.framework in Frameworks */,
			);
			runOnlyForDeploymentPostprocessing = 0;
		};
		D230F93E2C1D714E00C43797 /* Frameworks */ = {
			isa = PBXFrameworksBuildPhase;
			buildActionMask = 2147483647;
			files = (
				CEE63EDF48E74F388F0DB9F5 /* Pods_MyKkumi_MyKkumiUITests.framework in Frameworks */,
			);
			runOnlyForDeploymentPostprocessing = 0;
		};
/* End PBXFrameworksBuildPhase section */

/* Begin PBXGroup section */
		8391B1094354BAA0A203431C /* Frameworks */ = {
			isa = PBXGroup;
			children = (
				A547AF2DE94455B170A30B21 /* Pods_MyKkumi.framework */,
				07DFB17D7AB07B56C790B172 /* Pods_MyKkumi_MyKkumiUITests.framework */,
				0BF70C9C9B019E1CDAB0985C /* Pods_MyKkumiTests.framework */,
			);
			name = Frameworks;
			sourceTree = "<group>";
		};
		D07E5E3D78402DE1A804A4E1 /* Pods */ = {
			isa = PBXGroup;
			children = (
				3DC498AE771C65151C848D34 /* Pods-MyKkumi.debug.xcconfig */,
				F6DC5A17030EFC69F83EACBA /* Pods-MyKkumi.release.xcconfig */,
				FC2461C807CEF6A2AC1EB837 /* Pods-MyKkumi-MyKkumiUITests.debug.xcconfig */,
				41C962447B851B4C15F4BDA8 /* Pods-MyKkumi-MyKkumiUITests.release.xcconfig */,
				DD509B30BF78F2EF18546CC5 /* Pods-MyKkumiTests.debug.xcconfig */,
				06175985FB43C015630DA014 /* Pods-MyKkumiTests.release.xcconfig */,
			);
			path = Pods;
			sourceTree = "<group>";
		};
		D230F9182C1D714C00C43797 = {
			isa = PBXGroup;
			children = (
				D230F9232C1D714C00C43797 /* MyKkumi */,
				D230F93A2C1D714E00C43797 /* MyKkumiTests */,
				D230F9442C1D714E00C43797 /* MyKkumiUITests */,
				D230F9222C1D714C00C43797 /* Products */,
				D07E5E3D78402DE1A804A4E1 /* Pods */,
				8391B1094354BAA0A203431C /* Frameworks */,
			);
			sourceTree = "<group>";
		};
		D230F9222C1D714C00C43797 /* Products */ = {
			isa = PBXGroup;
			children = (
				D230F9212C1D714C00C43797 /* MyKkumi.app */,
				D230F9372C1D714E00C43797 /* MyKkumiTests.xctest */,
				D230F9412C1D714E00C43797 /* MyKkumiUITests.xctest */,
			);
			name = Products;
			sourceTree = "<group>";
		};
		D230F9232C1D714C00C43797 /* MyKkumi */ = {
			isa = PBXGroup;
			children = (
				D2E459502C1E140400DB0756 /* Resources */,
				D2E4594D2C1DB20A00DB0756 /* Presentation */,
				D2E4594C2C1DB20500DB0756 /* Domain */,
				D2E4594B2C1DB20000DB0756 /* Data */,
				D2E4594A2C1DB1F900DB0756 /* CommonUI */,
				D2E459492C1DB1C800DB0756 /* Common */,
				D2E459482C1DB1C000DB0756 /* App */,
				D230F9542C1D721C00C43797 /* .gitignore */,
			);
			path = MyKkumi;
			sourceTree = "<group>";
		};
		D230F93A2C1D714E00C43797 /* MyKkumiTests */ = {
			isa = PBXGroup;
			children = (
				D230F93B2C1D714E00C43797 /* MyKkumiTests.swift */,
			);
			path = MyKkumiTests;
			sourceTree = "<group>";
		};
		D230F9442C1D714E00C43797 /* MyKkumiUITests */ = {
			isa = PBXGroup;
			children = (
				D230F9452C1D714E00C43797 /* MyKkumiUITests.swift */,
				D230F9472C1D714E00C43797 /* MyKkumiUITestsLaunchTests.swift */,
			);
			path = MyKkumiUITests;
			sourceTree = "<group>";
		};
		D2E459482C1DB1C000DB0756 /* App */ = {
			isa = PBXGroup;
			children = (
				D230F9242C1D714C00C43797 /* AppDelegate.swift */,
				D230F9262C1D714C00C43797 /* SceneDelegate.swift */,
			);
			path = App;
			sourceTree = "<group>";
		};
		D2E459492C1DB1C800DB0756 /* Common */ = {
			isa = PBXGroup;
			children = (
			);
			path = Common;
			sourceTree = "<group>";
		};
		D2E4594A2C1DB1F900DB0756 /* CommonUI */ = {
			isa = PBXGroup;
			children = (
			);
			path = CommonUI;
			sourceTree = "<group>";
		};
		D2E4594B2C1DB20000DB0756 /* Data */ = {
			isa = PBXGroup;
			children = (
			);
			path = Data;
			sourceTree = "<group>";
		};
		D2E4594C2C1DB20500DB0756 /* Domain */ = {
			isa = PBXGroup;
			children = (
			);
			path = Domain;
			sourceTree = "<group>";
		};
		D2E4594D2C1DB20A00DB0756 /* Presentation */ = {
			isa = PBXGroup;
			children = (
				D2E459512C1E144200DB0756 /* Basic */,
			);
			path = Presentation;
			sourceTree = "<group>";
		};
		D2E459502C1E140400DB0756 /* Resources */ = {
			isa = PBXGroup;
			children = (
				D230F92D2C1D714D00C43797 /* Assets.xcassets */,
				D230F9322C1D714D00C43797 /* Info.plist */,
			);
			path = Resources;
			sourceTree = "<group>";
		};
		D2E459512C1E144200DB0756 /* Basic */ = {
			isa = PBXGroup;
			children = (
				D2E459522C1E1A4600DB0756 /* ExampleView */,
				D2E4594E2C1DB41500DB0756 /* LaunchScreen.storyboard */,
			);
			path = Basic;
			sourceTree = "<group>";
		};
		D2E459522C1E1A4600DB0756 /* ExampleView */ = {
			isa = PBXGroup;
			children = (
				D230F9282C1D714C00C43797 /* ViewController.swift */,
				D2E459532C1E1A6300DB0756 /* ViewModel.swift */,
			);
			path = ExampleView;
			sourceTree = "<group>";
		};
/* End PBXGroup section */

/* Begin PBXNativeTarget section */
		D230F9202C1D714C00C43797 /* MyKkumi */ = {
			isa = PBXNativeTarget;
			buildConfigurationList = D230F94B2C1D714E00C43797 /* Build configuration list for PBXNativeTarget "MyKkumi" */;
			buildPhases = (
				BE75B2B8C0BF4C80328B643F /* [CP] Check Pods Manifest.lock */,
				D230F91D2C1D714C00C43797 /* Sources */,
				D230F91E2C1D714C00C43797 /* Frameworks */,
				D230F91F2C1D714C00C43797 /* Resources */,
				2AC53148F3F26C0A4590FC53 /* [CP] Embed Pods Frameworks */,
			);
			buildRules = (
			);
			dependencies = (
			);
			name = MyKkumi;
			productName = MyKkumi;
			productReference = D230F9212C1D714C00C43797 /* MyKkumi.app */;
			productType = "com.apple.product-type.application";
		};
		D230F9362C1D714E00C43797 /* MyKkumiTests */ = {
			isa = PBXNativeTarget;
			buildConfigurationList = D230F94E2C1D714E00C43797 /* Build configuration list for PBXNativeTarget "MyKkumiTests" */;
			buildPhases = (
				8D3D19025A0EFAABF134E1C3 /* [CP] Check Pods Manifest.lock */,
				D230F9332C1D714E00C43797 /* Sources */,
				D230F9342C1D714E00C43797 /* Frameworks */,
				D230F9352C1D714E00C43797 /* Resources */,
			);
			buildRules = (
			);
			dependencies = (
				D230F9392C1D714E00C43797 /* PBXTargetDependency */,
			);
			name = MyKkumiTests;
			productName = MyKkumiTests;
			productReference = D230F9372C1D714E00C43797 /* MyKkumiTests.xctest */;
			productType = "com.apple.product-type.bundle.unit-test";
		};
		D230F9402C1D714E00C43797 /* MyKkumiUITests */ = {
			isa = PBXNativeTarget;
			buildConfigurationList = D230F9512C1D714E00C43797 /* Build configuration list for PBXNativeTarget "MyKkumiUITests" */;
			buildPhases = (
				B10C5A2776D481A25807A57F /* [CP] Check Pods Manifest.lock */,
				D230F93D2C1D714E00C43797 /* Sources */,
				D230F93E2C1D714E00C43797 /* Frameworks */,
				D230F93F2C1D714E00C43797 /* Resources */,
				4EE165852DFC036B3B8FD592 /* [CP] Embed Pods Frameworks */,
			);
			buildRules = (
			);
			dependencies = (
				D230F9432C1D714E00C43797 /* PBXTargetDependency */,
			);
			name = MyKkumiUITests;
			productName = MyKkumiUITests;
			productReference = D230F9412C1D714E00C43797 /* MyKkumiUITests.xctest */;
			productType = "com.apple.product-type.bundle.ui-testing";
		};
/* End PBXNativeTarget section */

/* Begin PBXProject section */
		D230F9192C1D714C00C43797 /* Project object */ = {
			isa = PBXProject;
			attributes = {
				BuildIndependentTargetsInParallel = 1;
				LastSwiftUpdateCheck = 1540;
				LastUpgradeCheck = 1540;
				TargetAttributes = {
					D230F9202C1D714C00C43797 = {
						CreatedOnToolsVersion = 15.4;
					};
					D230F9362C1D714E00C43797 = {
						CreatedOnToolsVersion = 15.4;
						TestTargetID = D230F9202C1D714C00C43797;
					};
					D230F9402C1D714E00C43797 = {
						CreatedOnToolsVersion = 15.4;
						TestTargetID = D230F9202C1D714C00C43797;
					};
				};
			};
			buildConfigurationList = D230F91C2C1D714C00C43797 /* Build configuration list for PBXProject "MyKkumi" */;
			compatibilityVersion = "Xcode 14.0";
			developmentRegion = en;
			hasScannedForEncodings = 0;
			knownRegions = (
				en,
				Base,
			);
			mainGroup = D230F9182C1D714C00C43797;
			productRefGroup = D230F9222C1D714C00C43797 /* Products */;
			projectDirPath = "";
			projectRoot = "";
			targets = (
				D230F9202C1D714C00C43797 /* MyKkumi */,
				D230F9362C1D714E00C43797 /* MyKkumiTests */,
				D230F9402C1D714E00C43797 /* MyKkumiUITests */,
			);
		};
/* End PBXProject section */

/* Begin PBXResourcesBuildPhase section */
		D230F91F2C1D714C00C43797 /* Resources */ = {
			isa = PBXResourcesBuildPhase;
			buildActionMask = 2147483647;
			files = (
				D2E4594F2C1DB41500DB0756 /* LaunchScreen.storyboard in Resources */,
				D230F9552C1D721C00C43797 /* .gitignore in Resources */,
				D230F92E2C1D714D00C43797 /* Assets.xcassets in Resources */,
			);
			runOnlyForDeploymentPostprocessing = 0;
		};
		D230F9352C1D714E00C43797 /* Resources */ = {
			isa = PBXResourcesBuildPhase;
			buildActionMask = 2147483647;
			files = (
			);
			runOnlyForDeploymentPostprocessing = 0;
		};
		D230F93F2C1D714E00C43797 /* Resources */ = {
			isa = PBXResourcesBuildPhase;
			buildActionMask = 2147483647;
			files = (
			);
			runOnlyForDeploymentPostprocessing = 0;
		};
/* End PBXResourcesBuildPhase section */

/* Begin PBXShellScriptBuildPhase section */
		2AC53148F3F26C0A4590FC53 /* [CP] Embed Pods Frameworks */ = {
			isa = PBXShellScriptBuildPhase;
			buildActionMask = 2147483647;
			files = (
			);
			inputFileListPaths = (
				"${PODS_ROOT}/Target Support Files/Pods-MyKkumi/Pods-MyKkumi-frameworks-${CONFIGURATION}-input-files.xcfilelist",
			);
			name = "[CP] Embed Pods Frameworks";
			outputFileListPaths = (
				"${PODS_ROOT}/Target Support Files/Pods-MyKkumi/Pods-MyKkumi-frameworks-${CONFIGURATION}-output-files.xcfilelist",
			);
			runOnlyForDeploymentPostprocessing = 0;
			shellPath = /bin/sh;
			shellScript = "\"${PODS_ROOT}/Target Support Files/Pods-MyKkumi/Pods-MyKkumi-frameworks.sh\"\n";
			showEnvVarsInLog = 0;
		};
		4EE165852DFC036B3B8FD592 /* [CP] Embed Pods Frameworks */ = {
			isa = PBXShellScriptBuildPhase;
			buildActionMask = 2147483647;
			files = (
			);
			inputFileListPaths = (
				"${PODS_ROOT}/Target Support Files/Pods-MyKkumi-MyKkumiUITests/Pods-MyKkumi-MyKkumiUITests-frameworks-${CONFIGURATION}-input-files.xcfilelist",
			);
			name = "[CP] Embed Pods Frameworks";
			outputFileListPaths = (
				"${PODS_ROOT}/Target Support Files/Pods-MyKkumi-MyKkumiUITests/Pods-MyKkumi-MyKkumiUITests-frameworks-${CONFIGURATION}-output-files.xcfilelist",
			);
			runOnlyForDeploymentPostprocessing = 0;
			shellPath = /bin/sh;
			shellScript = "\"${PODS_ROOT}/Target Support Files/Pods-MyKkumi-MyKkumiUITests/Pods-MyKkumi-MyKkumiUITests-frameworks.sh\"\n";
			showEnvVarsInLog = 0;
		};
		8D3D19025A0EFAABF134E1C3 /* [CP] Check Pods Manifest.lock */ = {
			isa = PBXShellScriptBuildPhase;
			buildActionMask = 2147483647;
			files = (
			);
			inputFileListPaths = (
			);
			inputPaths = (
				"${PODS_PODFILE_DIR_PATH}/Podfile.lock",
				"${PODS_ROOT}/Manifest.lock",
			);
			name = "[CP] Check Pods Manifest.lock";
			outputFileListPaths = (
			);
			outputPaths = (
				"$(DERIVED_FILE_DIR)/Pods-MyKkumiTests-checkManifestLockResult.txt",
			);
			runOnlyForDeploymentPostprocessing = 0;
			shellPath = /bin/sh;
			shellScript = "diff \"${PODS_PODFILE_DIR_PATH}/Podfile.lock\" \"${PODS_ROOT}/Manifest.lock\" > /dev/null\nif [ $? != 0 ] ; then\n    # print error to STDERR\n    echo \"error: The sandbox is not in sync with the Podfile.lock. Run 'pod install' or update your CocoaPods installation.\" >&2\n    exit 1\nfi\n# This output is used by Xcode 'outputs' to avoid re-running this script phase.\necho \"SUCCESS\" > \"${SCRIPT_OUTPUT_FILE_0}\"\n";
			showEnvVarsInLog = 0;
		};
		B10C5A2776D481A25807A57F /* [CP] Check Pods Manifest.lock */ = {
			isa = PBXShellScriptBuildPhase;
			buildActionMask = 2147483647;
			files = (
			);
			inputFileListPaths = (
			);
			inputPaths = (
				"${PODS_PODFILE_DIR_PATH}/Podfile.lock",
				"${PODS_ROOT}/Manifest.lock",
			);
			name = "[CP] Check Pods Manifest.lock";
			outputFileListPaths = (
			);
			outputPaths = (
				"$(DERIVED_FILE_DIR)/Pods-MyKkumi-MyKkumiUITests-checkManifestLockResult.txt",
			);
			runOnlyForDeploymentPostprocessing = 0;
			shellPath = /bin/sh;
			shellScript = "diff \"${PODS_PODFILE_DIR_PATH}/Podfile.lock\" \"${PODS_ROOT}/Manifest.lock\" > /dev/null\nif [ $? != 0 ] ; then\n    # print error to STDERR\n    echo \"error: The sandbox is not in sync with the Podfile.lock. Run 'pod install' or update your CocoaPods installation.\" >&2\n    exit 1\nfi\n# This output is used by Xcode 'outputs' to avoid re-running this script phase.\necho \"SUCCESS\" > \"${SCRIPT_OUTPUT_FILE_0}\"\n";
			showEnvVarsInLog = 0;
		};
		BE75B2B8C0BF4C80328B643F /* [CP] Check Pods Manifest.lock */ = {
			isa = PBXShellScriptBuildPhase;
			buildActionMask = 2147483647;
			files = (
			);
			inputFileListPaths = (
			);
			inputPaths = (
				"${PODS_PODFILE_DIR_PATH}/Podfile.lock",
				"${PODS_ROOT}/Manifest.lock",
			);
			name = "[CP] Check Pods Manifest.lock";
			outputFileListPaths = (
			);
			outputPaths = (
				"$(DERIVED_FILE_DIR)/Pods-MyKkumi-checkManifestLockResult.txt",
			);
			runOnlyForDeploymentPostprocessing = 0;
			shellPath = /bin/sh;
			shellScript = "diff \"${PODS_PODFILE_DIR_PATH}/Podfile.lock\" \"${PODS_ROOT}/Manifest.lock\" > /dev/null\nif [ $? != 0 ] ; then\n    # print error to STDERR\n    echo \"error: The sandbox is not in sync with the Podfile.lock. Run 'pod install' or update your CocoaPods installation.\" >&2\n    exit 1\nfi\n# This output is used by Xcode 'outputs' to avoid re-running this script phase.\necho \"SUCCESS\" > \"${SCRIPT_OUTPUT_FILE_0}\"\n";
			showEnvVarsInLog = 0;
		};
/* End PBXShellScriptBuildPhase section */

/* Begin PBXSourcesBuildPhase section */
		D230F91D2C1D714C00C43797 /* Sources */ = {
			isa = PBXSourcesBuildPhase;
			buildActionMask = 2147483647;
			files = (
				D230F9292C1D714C00C43797 /* ViewController.swift in Sources */,
				D230F9252C1D714C00C43797 /* AppDelegate.swift in Sources */,
				D2E459542C1E1A6300DB0756 /* ViewModel.swift in Sources */,
				D230F9272C1D714C00C43797 /* SceneDelegate.swift in Sources */,
			);
			runOnlyForDeploymentPostprocessing = 0;
		};
		D230F9332C1D714E00C43797 /* Sources */ = {
			isa = PBXSourcesBuildPhase;
			buildActionMask = 2147483647;
			files = (
				D230F93C2C1D714E00C43797 /* MyKkumiTests.swift in Sources */,
			);
			runOnlyForDeploymentPostprocessing = 0;
		};
		D230F93D2C1D714E00C43797 /* Sources */ = {
			isa = PBXSourcesBuildPhase;
			buildActionMask = 2147483647;
			files = (
				D230F9482C1D714E00C43797 /* MyKkumiUITestsLaunchTests.swift in Sources */,
				D230F9462C1D714E00C43797 /* MyKkumiUITests.swift in Sources */,
			);
			runOnlyForDeploymentPostprocessing = 0;
		};
/* End PBXSourcesBuildPhase section */

/* Begin PBXTargetDependency section */
		D230F9392C1D714E00C43797 /* PBXTargetDependency */ = {
			isa = PBXTargetDependency;
			target = D230F9202C1D714C00C43797 /* MyKkumi */;
			targetProxy = D230F9382C1D714E00C43797 /* PBXContainerItemProxy */;
		};
		D230F9432C1D714E00C43797 /* PBXTargetDependency */ = {
			isa = PBXTargetDependency;
			target = D230F9202C1D714C00C43797 /* MyKkumi */;
			targetProxy = D230F9422C1D714E00C43797 /* PBXContainerItemProxy */;
		};
/* End PBXTargetDependency section */

/* Begin XCBuildConfiguration section */
		D230F9492C1D714E00C43797 /* Debug */ = {
			isa = XCBuildConfiguration;
			buildSettings = {
				ALWAYS_SEARCH_USER_PATHS = NO;
				ASSETCATALOG_COMPILER_GENERATE_SWIFT_ASSET_SYMBOL_EXTENSIONS = YES;
				CLANG_ANALYZER_NONNULL = YES;
				CLANG_ANALYZER_NUMBER_OBJECT_CONVERSION = YES_AGGRESSIVE;
				CLANG_CXX_LANGUAGE_STANDARD = "gnu++20";
				CLANG_ENABLE_MODULES = YES;
				CLANG_ENABLE_OBJC_ARC = YES;
				CLANG_ENABLE_OBJC_WEAK = YES;
				CLANG_WARN_BLOCK_CAPTURE_AUTORELEASING = YES;
				CLANG_WARN_BOOL_CONVERSION = YES;
				CLANG_WARN_COMMA = YES;
				CLANG_WARN_CONSTANT_CONVERSION = YES;
				CLANG_WARN_DEPRECATED_OBJC_IMPLEMENTATIONS = YES;
				CLANG_WARN_DIRECT_OBJC_ISA_USAGE = YES_ERROR;
				CLANG_WARN_DOCUMENTATION_COMMENTS = YES;
				CLANG_WARN_EMPTY_BODY = YES;
				CLANG_WARN_ENUM_CONVERSION = YES;
				CLANG_WARN_INFINITE_RECURSION = YES;
				CLANG_WARN_INT_CONVERSION = YES;
				CLANG_WARN_NON_LITERAL_NULL_CONVERSION = YES;
				CLANG_WARN_OBJC_IMPLICIT_RETAIN_SELF = YES;
				CLANG_WARN_OBJC_LITERAL_CONVERSION = YES;
				CLANG_WARN_OBJC_ROOT_CLASS = YES_ERROR;
				CLANG_WARN_QUOTED_INCLUDE_IN_FRAMEWORK_HEADER = YES;
				CLANG_WARN_RANGE_LOOP_ANALYSIS = YES;
				CLANG_WARN_STRICT_PROTOTYPES = YES;
				CLANG_WARN_SUSPICIOUS_MOVE = YES;
				CLANG_WARN_UNGUARDED_AVAILABILITY = YES_AGGRESSIVE;
				CLANG_WARN_UNREACHABLE_CODE = YES;
				CLANG_WARN__DUPLICATE_METHOD_MATCH = YES;
				COPY_PHASE_STRIP = NO;
				DEBUG_INFORMATION_FORMAT = dwarf;
				ENABLE_STRICT_OBJC_MSGSEND = YES;
				ENABLE_TESTABILITY = YES;
				ENABLE_USER_SCRIPT_SANDBOXING = YES;
				GCC_C_LANGUAGE_STANDARD = gnu17;
				GCC_DYNAMIC_NO_PIC = NO;
				GCC_NO_COMMON_BLOCKS = YES;
				GCC_OPTIMIZATION_LEVEL = 0;
				GCC_PREPROCESSOR_DEFINITIONS = (
					"DEBUG=1",
					"$(inherited)",
				);
				GCC_WARN_64_TO_32_BIT_CONVERSION = YES;
				GCC_WARN_ABOUT_RETURN_TYPE = YES_ERROR;
				GCC_WARN_UNDECLARED_SELECTOR = YES;
				GCC_WARN_UNINITIALIZED_AUTOS = YES_AGGRESSIVE;
				GCC_WARN_UNUSED_FUNCTION = YES;
				GCC_WARN_UNUSED_VARIABLE = YES;
				IPHONEOS_DEPLOYMENT_TARGET = 17.5;
				LOCALIZATION_PREFERS_STRING_CATALOGS = YES;
				MTL_ENABLE_DEBUG_INFO = INCLUDE_SOURCE;
				MTL_FAST_MATH = YES;
				ONLY_ACTIVE_ARCH = YES;
				SDKROOT = iphoneos;
				SWIFT_ACTIVE_COMPILATION_CONDITIONS = "DEBUG $(inherited)";
				SWIFT_OPTIMIZATION_LEVEL = "-Onone";
			};
			name = Debug;
		};
		D230F94A2C1D714E00C43797 /* Release */ = {
			isa = XCBuildConfiguration;
			buildSettings = {
				ALWAYS_SEARCH_USER_PATHS = NO;
				ASSETCATALOG_COMPILER_GENERATE_SWIFT_ASSET_SYMBOL_EXTENSIONS = YES;
				CLANG_ANALYZER_NONNULL = YES;
				CLANG_ANALYZER_NUMBER_OBJECT_CONVERSION = YES_AGGRESSIVE;
				CLANG_CXX_LANGUAGE_STANDARD = "gnu++20";
				CLANG_ENABLE_MODULES = YES;
				CLANG_ENABLE_OBJC_ARC = YES;
				CLANG_ENABLE_OBJC_WEAK = YES;
				CLANG_WARN_BLOCK_CAPTURE_AUTORELEASING = YES;
				CLANG_WARN_BOOL_CONVERSION = YES;
				CLANG_WARN_COMMA = YES;
				CLANG_WARN_CONSTANT_CONVERSION = YES;
				CLANG_WARN_DEPRECATED_OBJC_IMPLEMENTATIONS = YES;
				CLANG_WARN_DIRECT_OBJC_ISA_USAGE = YES_ERROR;
				CLANG_WARN_DOCUMENTATION_COMMENTS = YES;
				CLANG_WARN_EMPTY_BODY = YES;
				CLANG_WARN_ENUM_CONVERSION = YES;
				CLANG_WARN_INFINITE_RECURSION = YES;
				CLANG_WARN_INT_CONVERSION = YES;
				CLANG_WARN_NON_LITERAL_NULL_CONVERSION = YES;
				CLANG_WARN_OBJC_IMPLICIT_RETAIN_SELF = YES;
				CLANG_WARN_OBJC_LITERAL_CONVERSION = YES;
				CLANG_WARN_OBJC_ROOT_CLASS = YES_ERROR;
				CLANG_WARN_QUOTED_INCLUDE_IN_FRAMEWORK_HEADER = YES;
				CLANG_WARN_RANGE_LOOP_ANALYSIS = YES;
				CLANG_WARN_STRICT_PROTOTYPES = YES;
				CLANG_WARN_SUSPICIOUS_MOVE = YES;
				CLANG_WARN_UNGUARDED_AVAILABILITY = YES_AGGRESSIVE;
				CLANG_WARN_UNREACHABLE_CODE = YES;
				CLANG_WARN__DUPLICATE_METHOD_MATCH = YES;
				COPY_PHASE_STRIP = NO;
				DEBUG_INFORMATION_FORMAT = "dwarf-with-dsym";
				ENABLE_NS_ASSERTIONS = NO;
				ENABLE_STRICT_OBJC_MSGSEND = YES;
				ENABLE_USER_SCRIPT_SANDBOXING = YES;
				GCC_C_LANGUAGE_STANDARD = gnu17;
				GCC_NO_COMMON_BLOCKS = YES;
				GCC_WARN_64_TO_32_BIT_CONVERSION = YES;
				GCC_WARN_ABOUT_RETURN_TYPE = YES_ERROR;
				GCC_WARN_UNDECLARED_SELECTOR = YES;
				GCC_WARN_UNINITIALIZED_AUTOS = YES_AGGRESSIVE;
				GCC_WARN_UNUSED_FUNCTION = YES;
				GCC_WARN_UNUSED_VARIABLE = YES;
				IPHONEOS_DEPLOYMENT_TARGET = 17.5;
				LOCALIZATION_PREFERS_STRING_CATALOGS = YES;
				MTL_ENABLE_DEBUG_INFO = NO;
				MTL_FAST_MATH = YES;
				SDKROOT = iphoneos;
				SWIFT_COMPILATION_MODE = wholemodule;
				VALIDATE_PRODUCT = YES;
			};
			name = Release;
		};
		D230F94C2C1D714E00C43797 /* Debug */ = {
			isa = XCBuildConfiguration;
			baseConfigurationReference = 3DC498AE771C65151C848D34 /* Pods-MyKkumi.debug.xcconfig */;
			buildSettings = {
				ASSETCATALOG_COMPILER_APPICON_NAME = AppIcon;
				ASSETCATALOG_COMPILER_GLOBAL_ACCENT_COLOR_NAME = AccentColor;
				CODE_SIGN_STYLE = Automatic;
				CURRENT_PROJECT_VERSION = 1;
				DEVELOPMENT_TEAM = FHYRWZCT6D;
				ENABLE_USER_SCRIPT_SANDBOXING = NO;
				GENERATE_INFOPLIST_FILE = YES;
				INFOPLIST_FILE = MyKkumi/Resources/Info.plist;
				INFOPLIST_KEY_UIApplicationSupportsIndirectInputEvents = YES;
				INFOPLIST_KEY_UILaunchStoryboardName = LaunchScreen;
				INFOPLIST_KEY_UISupportedInterfaceOrientations_iPad = "UIInterfaceOrientationPortrait UIInterfaceOrientationPortraitUpsideDown UIInterfaceOrientationLandscapeLeft UIInterfaceOrientationLandscapeRight";
				INFOPLIST_KEY_UISupportedInterfaceOrientations_iPhone = "UIInterfaceOrientationPortrait UIInterfaceOrientationLandscapeLeft UIInterfaceOrientationLandscapeRight";
				IPHONEOS_DEPLOYMENT_TARGET = 15.0;
				LD_RUNPATH_SEARCH_PATHS = (
					"$(inherited)",
					"@executable_path/Frameworks",
				);
				MARKETING_VERSION = 1.0;
				PRODUCT_BUNDLE_IDENTIFIER = com.MyKkumi.MyKkumi;
				PRODUCT_NAME = "$(TARGET_NAME)";
				SWIFT_EMIT_LOC_STRINGS = YES;
				SWIFT_VERSION = 5.0;
				TARGETED_DEVICE_FAMILY = "1,2";
			};
			name = Debug;
		};
		D230F94D2C1D714E00C43797 /* Release */ = {
			isa = XCBuildConfiguration;
			baseConfigurationReference = F6DC5A17030EFC69F83EACBA /* Pods-MyKkumi.release.xcconfig */;
			buildSettings = {
				ASSETCATALOG_COMPILER_APPICON_NAME = AppIcon;
				ASSETCATALOG_COMPILER_GLOBAL_ACCENT_COLOR_NAME = AccentColor;
				CODE_SIGN_STYLE = Automatic;
				CURRENT_PROJECT_VERSION = 1;
				DEVELOPMENT_TEAM = FHYRWZCT6D;
				ENABLE_USER_SCRIPT_SANDBOXING = NO;
				GENERATE_INFOPLIST_FILE = YES;
				INFOPLIST_FILE = MyKkumi/Resources/Info.plist;
				INFOPLIST_KEY_UIApplicationSupportsIndirectInputEvents = YES;
				INFOPLIST_KEY_UILaunchStoryboardName = LaunchScreen;
				INFOPLIST_KEY_UISupportedInterfaceOrientations_iPad = "UIInterfaceOrientationPortrait UIInterfaceOrientationPortraitUpsideDown UIInterfaceOrientationLandscapeLeft UIInterfaceOrientationLandscapeRight";
				INFOPLIST_KEY_UISupportedInterfaceOrientations_iPhone = "UIInterfaceOrientationPortrait UIInterfaceOrientationLandscapeLeft UIInterfaceOrientationLandscapeRight";
				IPHONEOS_DEPLOYMENT_TARGET = 15.0;
				LD_RUNPATH_SEARCH_PATHS = (
					"$(inherited)",
					"@executable_path/Frameworks",
				);
				MARKETING_VERSION = 1.0;
				PRODUCT_BUNDLE_IDENTIFIER = com.MyKkumi.MyKkumi;
				PRODUCT_NAME = "$(TARGET_NAME)";
				SWIFT_EMIT_LOC_STRINGS = YES;
				SWIFT_VERSION = 5.0;
				TARGETED_DEVICE_FAMILY = "1,2";
			};
			name = Release;
		};
		D230F94F2C1D714E00C43797 /* Debug */ = {
			isa = XCBuildConfiguration;
			baseConfigurationReference = DD509B30BF78F2EF18546CC5 /* Pods-MyKkumiTests.debug.xcconfig */;
			buildSettings = {
				ALWAYS_EMBED_SWIFT_STANDARD_LIBRARIES = YES;
				BUNDLE_LOADER = "$(TEST_HOST)";
				CODE_SIGN_STYLE = Automatic;
				CURRENT_PROJECT_VERSION = 1;
				DEVELOPMENT_TEAM = FHYRWZCT6D;
				GENERATE_INFOPLIST_FILE = YES;
				IPHONEOS_DEPLOYMENT_TARGET = 17.5;
				MARKETING_VERSION = 1.0;
				PRODUCT_BUNDLE_IDENTIFIER = com.MyKkumi.MyKkumiTests;
				PRODUCT_NAME = "$(TARGET_NAME)";
				SWIFT_EMIT_LOC_STRINGS = NO;
				SWIFT_VERSION = 5.0;
				TARGETED_DEVICE_FAMILY = "1,2";
				TEST_HOST = "$(BUILT_PRODUCTS_DIR)/MyKkumi.app/$(BUNDLE_EXECUTABLE_FOLDER_PATH)/MyKkumi";
			};
			name = Debug;
		};
		D230F9502C1D714E00C43797 /* Release */ = {
			isa = XCBuildConfiguration;
			baseConfigurationReference = 06175985FB43C015630DA014 /* Pods-MyKkumiTests.release.xcconfig */;
			buildSettings = {
				ALWAYS_EMBED_SWIFT_STANDARD_LIBRARIES = YES;
				BUNDLE_LOADER = "$(TEST_HOST)";
				CODE_SIGN_STYLE = Automatic;
				CURRENT_PROJECT_VERSION = 1;
				DEVELOPMENT_TEAM = FHYRWZCT6D;
				GENERATE_INFOPLIST_FILE = YES;
				IPHONEOS_DEPLOYMENT_TARGET = 17.5;
				MARKETING_VERSION = 1.0;
				PRODUCT_BUNDLE_IDENTIFIER = com.MyKkumi.MyKkumiTests;
				PRODUCT_NAME = "$(TARGET_NAME)";
				SWIFT_EMIT_LOC_STRINGS = NO;
				SWIFT_VERSION = 5.0;
				TARGETED_DEVICE_FAMILY = "1,2";
				TEST_HOST = "$(BUILT_PRODUCTS_DIR)/MyKkumi.app/$(BUNDLE_EXECUTABLE_FOLDER_PATH)/MyKkumi";
			};
			name = Release;
		};
		D230F9522C1D714E00C43797 /* Debug */ = {
			isa = XCBuildConfiguration;
			baseConfigurationReference = FC2461C807CEF6A2AC1EB837 /* Pods-MyKkumi-MyKkumiUITests.debug.xcconfig */;
			buildSettings = {
				ALWAYS_EMBED_SWIFT_STANDARD_LIBRARIES = YES;
				CODE_SIGN_STYLE = Automatic;
				CURRENT_PROJECT_VERSION = 1;
				DEVELOPMENT_TEAM = FHYRWZCT6D;
				GENERATE_INFOPLIST_FILE = YES;
				MARKETING_VERSION = 1.0;
				PRODUCT_BUNDLE_IDENTIFIER = com.MyKkumi.MyKkumiUITests;
				PRODUCT_NAME = "$(TARGET_NAME)";
				SWIFT_EMIT_LOC_STRINGS = NO;
				SWIFT_VERSION = 5.0;
				TARGETED_DEVICE_FAMILY = "1,2";
				TEST_TARGET_NAME = MyKkumi;
			};
			name = Debug;
		};
		D230F9532C1D714E00C43797 /* Release */ = {
			isa = XCBuildConfiguration;
			baseConfigurationReference = 41C962447B851B4C15F4BDA8 /* Pods-MyKkumi-MyKkumiUITests.release.xcconfig */;
			buildSettings = {
				ALWAYS_EMBED_SWIFT_STANDARD_LIBRARIES = YES;
				CODE_SIGN_STYLE = Automatic;
				CURRENT_PROJECT_VERSION = 1;
				DEVELOPMENT_TEAM = FHYRWZCT6D;
				GENERATE_INFOPLIST_FILE = YES;
				MARKETING_VERSION = 1.0;
				PRODUCT_BUNDLE_IDENTIFIER = com.MyKkumi.MyKkumiUITests;
				PRODUCT_NAME = "$(TARGET_NAME)";
				SWIFT_EMIT_LOC_STRINGS = NO;
				SWIFT_VERSION = 5.0;
				TARGETED_DEVICE_FAMILY = "1,2";
				TEST_TARGET_NAME = MyKkumi;
			};
			name = Release;
		};
/* End XCBuildConfiguration section */

/* Begin XCConfigurationList section */
		D230F91C2C1D714C00C43797 /* Build configuration list for PBXProject "MyKkumi" */ = {
			isa = XCConfigurationList;
			buildConfigurations = (
				D230F9492C1D714E00C43797 /* Debug */,
				D230F94A2C1D714E00C43797 /* Release */,
			);
			defaultConfigurationIsVisible = 0;
			defaultConfigurationName = Release;
		};
		D230F94B2C1D714E00C43797 /* Build configuration list for PBXNativeTarget "MyKkumi" */ = {
			isa = XCConfigurationList;
			buildConfigurations = (
				D230F94C2C1D714E00C43797 /* Debug */,
				D230F94D2C1D714E00C43797 /* Release */,
			);
			defaultConfigurationIsVisible = 0;
			defaultConfigurationName = Release;
		};
		D230F94E2C1D714E00C43797 /* Build configuration list for PBXNativeTarget "MyKkumiTests" */ = {
			isa = XCConfigurationList;
			buildConfigurations = (
				D230F94F2C1D714E00C43797 /* Debug */,
				D230F9502C1D714E00C43797 /* Release */,
			);
			defaultConfigurationIsVisible = 0;
			defaultConfigurationName = Release;
		};
		D230F9512C1D714E00C43797 /* Build configuration list for PBXNativeTarget "MyKkumiUITests" */ = {
			isa = XCConfigurationList;
			buildConfigurations = (
				D230F9522C1D714E00C43797 /* Debug */,
				D230F9532C1D714E00C43797 /* Release */,
			);
			defaultConfigurationIsVisible = 0;
			defaultConfigurationName = Release;
		};
/* End XCConfigurationList section */
	};
	rootObject = D230F9192C1D714C00C43797 /* Project object */;
}
